// !$*UTF8*$!
{
	archiveVersion = 1;
	classes = {
	};
	objectVersion = 56;
	objects = {

/* Begin PBXBuildFile section */
		8822ED8A2AC5CBA100A92925 /* SDWebImageSwiftUI in Frameworks */ = {isa = PBXBuildFile; productRef = 8822ED892AC5CBA100A92925 /* SDWebImageSwiftUI */; };
		8822ED8C2AC5D39300A92925 /* README.md in Resources */ = {isa = PBXBuildFile; fileRef = 8822ED8B2AC5D39300A92925 /* README.md */; };
		88703F9E2AC340CA00271658 /* ExcerciseDataSrouce.swift in Sources */ = {isa = PBXBuildFile; fileRef = 88703F9D2AC340CA00271658 /* ExcerciseDataSrouce.swift */; };
		88703FA02AC3413600271658 /* ExercisesModel.swift in Sources */ = {isa = PBXBuildFile; fileRef = 88703F9F2AC3413600271658 /* ExercisesModel.swift */; };
		88703FA22AC341A300271658 /* ExerciseRemoteDataSource.swift in Sources */ = {isa = PBXBuildFile; fileRef = 88703FA12AC341A300271658 /* ExerciseRemoteDataSource.swift */; };
		88703FA52AC3424200271658 /* ExerciseRepository.swift in Sources */ = {isa = PBXBuildFile; fileRef = 88703FA42AC3424200271658 /* ExerciseRepository.swift */; };
		88703FAB2AC3431300271658 /* ExerciseEvent.swift in Sources */ = {isa = PBXBuildFile; fileRef = 88703FAA2AC3431300271658 /* ExerciseEvent.swift */; };
		88703FAD2AC3434F00271658 /* ExerciseState.swift in Sources */ = {isa = PBXBuildFile; fileRef = 88703FAC2AC3434F00271658 /* ExerciseState.swift */; };
		88703FAF2AC3444700271658 /* ExerciseViewModel.swift in Sources */ = {isa = PBXBuildFile; fileRef = 88703FAE2AC3444700271658 /* ExerciseViewModel.swift */; };
		88703FB22AC3465A00271658 /* ExercisesScreen.swift in Sources */ = {isa = PBXBuildFile; fileRef = 88703FB12AC3465A00271658 /* ExercisesScreen.swift */; };
		88703FB42AC34D9400271658 /* ExerciseImagesModel.swift in Sources */ = {isa = PBXBuildFile; fileRef = 88703FB32AC34D9400271658 /* ExerciseImagesModel.swift */; };
		88703FB92AC3514D00271658 /* ExerciseListItemView.swift in Sources */ = {isa = PBXBuildFile; fileRef = 88703FB82AC3514D00271658 /* ExerciseListItemView.swift */; };
		88B06C5B2AC582B90047E0AC /* SDWebImageSwiftUI in Frameworks */ = {isa = PBXBuildFile; productRef = 88B06C5A2AC582B90047E0AC /* SDWebImageSwiftUI */; };
		88B06C5D2AC5931C0047E0AC /* TextModifier.swift in Sources */ = {isa = PBXBuildFile; fileRef = 88B06C5C2AC5931B0047E0AC /* TextModifier.swift */; };
		88B06C5F2AC595840047E0AC /* NetworkMonitor.swift in Sources */ = {isa = PBXBuildFile; fileRef = 88B06C5E2AC595840047E0AC /* NetworkMonitor.swift */; };
		88BB73B12AC42AA300B9983C /* AppDelegate.swift in Sources */ = {isa = PBXBuildFile; fileRef = 88BB73B02AC42AA300B9983C /* AppDelegate.swift */; };
		88BB73B42AC42D9400B9983C /* SnapKit in Frameworks */ = {isa = PBXBuildFile; productRef = 88BB73B32AC42D9400B9983C /* SnapKit */; };
		88BB73B82AC462CD00B9983C /* ExerciseDetailScreen.swift in Sources */ = {isa = PBXBuildFile; fileRef = 88BB73B72AC462CD00B9983C /* ExerciseDetailScreen.swift */; };
		88BB73BA2AC46A8C00B9983C /* ExerciseListItemIdLoader.swift in Sources */ = {isa = PBXBuildFile; fileRef = 88BB73B92AC46A8C00B9983C /* ExerciseListItemIdLoader.swift */; };
		88BB73BC2AC4711400B9983C /* GetExerciseByIdParam.swift in Sources */ = {isa = PBXBuildFile; fileRef = 88BB73BB2AC4711400B9983C /* GetExerciseByIdParam.swift */; };
		88BB73BE2AC496ED00B9983C /* ImagesGridView.swift in Sources */ = {isa = PBXBuildFile; fileRef = 88BB73BD2AC496ED00B9983C /* ImagesGridView.swift */; };
		88BB73C02AC49AFC00B9983C /* ExerciseLocalDataSource.swift in Sources */ = {isa = PBXBuildFile; fileRef = 88BB73BF2AC49AFC00B9983C /* ExerciseLocalDataSource.swift */; };
		88E978CA2ABDD10B00547761 /* Assets.xcassets in Resources */ = {isa = PBXBuildFile; fileRef = 88E978C92ABDD10B00547761 /* Assets.xcassets */; };
		88E978CD2ABDD10B00547761 /* Preview Assets.xcassets in Resources */ = {isa = PBXBuildFile; fileRef = 88E978CC2ABDD10B00547761 /* Preview Assets.xcassets */; };
		88E978D72ABDD10B00547761 /* StarterTests.swift in Sources */ = {isa = PBXBuildFile; fileRef = 88E978D62ABDD10B00547761 /* StarterTests.swift */; };
		88E978E12ABDD10B00547761 /* StarterUITests.swift in Sources */ = {isa = PBXBuildFile; fileRef = 88E978E02ABDD10B00547761 /* StarterUITests.swift */; };
		88E978E32ABDD10B00547761 /* StarterUITestsLaunchTests.swift in Sources */ = {isa = PBXBuildFile; fileRef = 88E978E22ABDD10B00547761 /* StarterUITestsLaunchTests.swift */; };
		88E978F12ABDD1C200547761 /* Alamofire in Frameworks */ = {isa = PBXBuildFile; productRef = 88E978F02ABDD1C200547761 /* Alamofire */; };
		88E979542ABDD2F900547761 /* FadeInNetworkImage.swift in Sources */ = {isa = PBXBuildFile; fileRef = 88E978F82ABDD2F900547761 /* FadeInNetworkImage.swift */; };
		88E979742ABDD2F900547761 /* TransitionView.swift in Sources */ = {isa = PBXBuildFile; fileRef = 88E979182ABDD2F900547761 /* TransitionView.swift */; };
		88E979752ABDD2F900547761 /* LoadingView.swift in Sources */ = {isa = PBXBuildFile; fileRef = 88E979192ABDD2F900547761 /* LoadingView.swift */; };
		88E979762ABDD2F900547761 /* CustomErrorView.swift in Sources */ = {isa = PBXBuildFile; fileRef = 88E9791A2ABDD2F900547761 /* CustomErrorView.swift */; };
		88E9797A2ABDD2F900547761 /* UserDefaultsExtensions.swift in Sources */ = {isa = PBXBuildFile; fileRef = 88E9791F2ABDD2F900547761 /* UserDefaultsExtensions.swift */; };
		88E9797C2ABDD2F900547761 /* ArrayExtension.swift in Sources */ = {isa = PBXBuildFile; fileRef = 88E979212ABDD2F900547761 /* ArrayExtension.swift */; };
		88E9797F2ABDD2F900547761 /* ImageExtension.swift in Sources */ = {isa = PBXBuildFile; fileRef = 88E979242ABDD2F900547761 /* ImageExtension.swift */; };
		88E979822ABDD2F900547761 /* ViewExtension.swift in Sources */ = {isa = PBXBuildFile; fileRef = 88E979272ABDD2F900547761 /* ViewExtension.swift */; };
		88E979832ABDD2F900547761 /* ColorExtension.swift in Sources */ = {isa = PBXBuildFile; fileRef = 88E979282ABDD2F900547761 /* ColorExtension.swift */; };
		88E9798A2ABDD2F900547761 /* ViewDidLoadModifier.swift in Sources */ = {isa = PBXBuildFile; fileRef = 88E979302ABDD2F900547761 /* ViewDidLoadModifier.swift */; };
		88E9798F2ABDD2F900547761 /* UserDefaultsWrapper.swift in Sources */ = {isa = PBXBuildFile; fileRef = 88E979372ABDD2F900547761 /* UserDefaultsWrapper.swift */; };
		88E979902ABDD2F900547761 /* APIService.swift in Sources */ = {isa = PBXBuildFile; fileRef = 88E979392ABDD2F900547761 /* APIService.swift */; };
		88E979932ABDD2F900547761 /* DependencyInjector.swift in Sources */ = {isa = PBXBuildFile; fileRef = 88E9793E2ABDD2F900547761 /* DependencyInjector.swift */; };
		88E9799B2ABDD2F900547761 /* Constantss.swift in Sources */ = {isa = PBXBuildFile; fileRef = 88E979472ABDD2F900547761 /* Constantss.swift */; };
		88E9799C2ABDD2F900547761 /* FilesConstants.swift in Sources */ = {isa = PBXBuildFile; fileRef = 88E979482ABDD2F900547761 /* FilesConstants.swift */; };
		88E9799D2ABDD2F900547761 /* UrlConstants.swift in Sources */ = {isa = PBXBuildFile; fileRef = 88E979492ABDD2F900547761 /* UrlConstants.swift */; };
		88E9799F2ABDD2F900547761 /* CustomError.swift in Sources */ = {isa = PBXBuildFile; fileRef = 88E9794C2ABDD2F900547761 /* CustomError.swift */; };
		88E979A02ABDD2F900547761 /* BaseModel.swift in Sources */ = {isa = PBXBuildFile; fileRef = 88E9794E2ABDD2F900547761 /* BaseModel.swift */; };
		88E979A12ABDD2F900547761 /* BaseViewModel.swift in Sources */ = {isa = PBXBuildFile; fileRef = 88E9794F2ABDD2F900547761 /* BaseViewModel.swift */; };
		88E979A22ABDD2F900547761 /* BaseParam.swift in Sources */ = {isa = PBXBuildFile; fileRef = 88E979502ABDD2F900547761 /* BaseParam.swift */; };
		88E97C3D2ABDDC4100547761 /* Glory-VariableFont_wght.ttf in Resources */ = {isa = PBXBuildFile; fileRef = 88E97BBC2ABDDC4000547761 /* Glory-VariableFont_wght.ttf */; };
		88E97C3E2ABDDC4100547761 /* Glory-SemiBold.ttf in Resources */ = {isa = PBXBuildFile; fileRef = 88E97BBD2ABDDC4000547761 /* Glory-SemiBold.ttf */; };
		88E97C3F2ABDDC4100547761 /* Glory-SemiBoldItalic.ttf in Resources */ = {isa = PBXBuildFile; fileRef = 88E97BBE2ABDDC4000547761 /* Glory-SemiBoldItalic.ttf */; };
		88E97C402ABDDC4100547761 /* Glory-Regular.ttf in Resources */ = {isa = PBXBuildFile; fileRef = 88E97BBF2ABDDC4000547761 /* Glory-Regular.ttf */; };
		88E97C412ABDDC4100547761 /* Glory-Medium.ttf in Resources */ = {isa = PBXBuildFile; fileRef = 88E97BC02ABDDC4000547761 /* Glory-Medium.ttf */; };
		88E97C422ABDDC4100547761 /* Glory-LightItalic.ttf in Resources */ = {isa = PBXBuildFile; fileRef = 88E97BC12ABDDC4000547761 /* Glory-LightItalic.ttf */; };
		88E97C432ABDDC4100547761 /* Glory-Italic-VariableFont_wght.ttf in Resources */ = {isa = PBXBuildFile; fileRef = 88E97BC22ABDDC4000547761 /* Glory-Italic-VariableFont_wght.ttf */; };
		88E97C442ABDDC4100547761 /* Glory-BoldItalic.ttf in Resources */ = {isa = PBXBuildFile; fileRef = 88E97BC32ABDDC4000547761 /* Glory-BoldItalic.ttf */; };
		88E97C452ABDDC4100547761 /* Glory-ThinItalic.ttf in Resources */ = {isa = PBXBuildFile; fileRef = 88E97BC42ABDDC4000547761 /* Glory-ThinItalic.ttf */; };
		88E97C462ABDDC4100547761 /* Glory-ExtraLight.ttf in Resources */ = {isa = PBXBuildFile; fileRef = 88E97BC52ABDDC4000547761 /* Glory-ExtraLight.ttf */; };
		88E97C472ABDDC4100547761 /* Glory-Light.ttf in Resources */ = {isa = PBXBuildFile; fileRef = 88E97BC62ABDDC4000547761 /* Glory-Light.ttf */; };
		88E97C482ABDDC4100547761 /* Glory-Thin.ttf in Resources */ = {isa = PBXBuildFile; fileRef = 88E97BC72ABDDC4000547761 /* Glory-Thin.ttf */; };
		88E97C492ABDDC4100547761 /* Glory-MediumItalic.ttf in Resources */ = {isa = PBXBuildFile; fileRef = 88E97BC82ABDDC4000547761 /* Glory-MediumItalic.ttf */; };
		88E97C4A2ABDDC4100547761 /* Glory-Italic.ttf in Resources */ = {isa = PBXBuildFile; fileRef = 88E97BC92ABDDC4000547761 /* Glory-Italic.ttf */; };
		88E97C4B2ABDDC4100547761 /* Glory-Bold.ttf in Resources */ = {isa = PBXBuildFile; fileRef = 88E97BCA2ABDDC4000547761 /* Glory-Bold.ttf */; };
		88E97C4C2ABDDC4100547761 /* Glory-ExtraBold.ttf in Resources */ = {isa = PBXBuildFile; fileRef = 88E97BCB2ABDDC4000547761 /* Glory-ExtraBold.ttf */; };
		88E97C4D2ABDDC4100547761 /* Glory-ExtraBoldItalic.ttf in Resources */ = {isa = PBXBuildFile; fileRef = 88E97BCC2ABDDC4000547761 /* Glory-ExtraBoldItalic.ttf */; };
		88E97C4E2ABDDC4100547761 /* Glory-ExtraLightItalic.ttf in Resources */ = {isa = PBXBuildFile; fileRef = 88E97BCD2ABDDC4000547761 /* Glory-ExtraLightItalic.ttf */; };
		88E97C502ABDDC8A00547761 /* FontExtension.swift in Sources */ = {isa = PBXBuildFile; fileRef = 88E97C4F2ABDDC8A00547761 /* FontExtension.swift */; };
/* End PBXBuildFile section */

/* Begin PBXContainerItemProxy section */
		88E978D32ABDD10B00547761 /* PBXContainerItemProxy */ = {
			isa = PBXContainerItemProxy;
			containerPortal = 88E978BA2ABDD10700547761 /* Project object */;
			proxyType = 1;
			remoteGlobalIDString = 88E978C12ABDD10700547761;
			remoteInfo = Starter;
		};
		88E978DD2ABDD10B00547761 /* PBXContainerItemProxy */ = {
			isa = PBXContainerItemProxy;
			containerPortal = 88E978BA2ABDD10700547761 /* Project object */;
			proxyType = 1;
			remoteGlobalIDString = 88E978C12ABDD10700547761;
			remoteInfo = Starter;
		};
/* End PBXContainerItemProxy section */

/* Begin PBXFileReference section */
		8822ED8B2AC5D39300A92925 /* README.md */ = {isa = PBXFileReference; lastKnownFileType = net.daringfireball.markdown; path = README.md; sourceTree = "<group>"; };
		88703F9D2AC340CA00271658 /* ExcerciseDataSrouce.swift */ = {isa = PBXFileReference; lastKnownFileType = sourcecode.swift; path = ExcerciseDataSrouce.swift; sourceTree = "<group>"; };
		88703F9F2AC3413600271658 /* ExercisesModel.swift */ = {isa = PBXFileReference; lastKnownFileType = sourcecode.swift; path = ExercisesModel.swift; sourceTree = "<group>"; };
		88703FA12AC341A300271658 /* ExerciseRemoteDataSource.swift */ = {isa = PBXFileReference; lastKnownFileType = sourcecode.swift; path = ExerciseRemoteDataSource.swift; sourceTree = "<group>"; };
		88703FA42AC3424200271658 /* ExerciseRepository.swift */ = {isa = PBXFileReference; lastKnownFileType = sourcecode.swift; path = ExerciseRepository.swift; sourceTree = "<group>"; };
		88703FAA2AC3431300271658 /* ExerciseEvent.swift */ = {isa = PBXFileReference; lastKnownFileType = sourcecode.swift; path = ExerciseEvent.swift; sourceTree = "<group>"; };
		88703FAC2AC3434F00271658 /* ExerciseState.swift */ = {isa = PBXFileReference; lastKnownFileType = sourcecode.swift; path = ExerciseState.swift; sourceTree = "<group>"; };
		88703FAE2AC3444700271658 /* ExerciseViewModel.swift */ = {isa = PBXFileReference; lastKnownFileType = sourcecode.swift; path = ExerciseViewModel.swift; sourceTree = "<group>"; };
		88703FB12AC3465A00271658 /* ExercisesScreen.swift */ = {isa = PBXFileReference; lastKnownFileType = sourcecode.swift; path = ExercisesScreen.swift; sourceTree = "<group>"; };
		88703FB32AC34D9400271658 /* ExerciseImagesModel.swift */ = {isa = PBXFileReference; lastKnownFileType = sourcecode.swift; path = ExerciseImagesModel.swift; sourceTree = "<group>"; };
		88703FB82AC3514D00271658 /* ExerciseListItemView.swift */ = {isa = PBXFileReference; lastKnownFileType = sourcecode.swift; path = ExerciseListItemView.swift; sourceTree = "<group>"; };
		88B06C5C2AC5931B0047E0AC /* TextModifier.swift */ = {isa = PBXFileReference; fileEncoding = 4; lastKnownFileType = sourcecode.swift; path = TextModifier.swift; sourceTree = "<group>"; };
		88B06C5E2AC595840047E0AC /* NetworkMonitor.swift */ = {isa = PBXFileReference; lastKnownFileType = sourcecode.swift; path = NetworkMonitor.swift; sourceTree = "<group>"; };
		88BB73B02AC42AA300B9983C /* AppDelegate.swift */ = {isa = PBXFileReference; lastKnownFileType = sourcecode.swift; path = AppDelegate.swift; sourceTree = "<group>"; };
		88BB73B72AC462CD00B9983C /* ExerciseDetailScreen.swift */ = {isa = PBXFileReference; lastKnownFileType = sourcecode.swift; path = ExerciseDetailScreen.swift; sourceTree = "<group>"; };
		88BB73B92AC46A8C00B9983C /* ExerciseListItemIdLoader.swift */ = {isa = PBXFileReference; lastKnownFileType = sourcecode.swift; path = ExerciseListItemIdLoader.swift; sourceTree = "<group>"; };
		88BB73BB2AC4711400B9983C /* GetExerciseByIdParam.swift */ = {isa = PBXFileReference; lastKnownFileType = sourcecode.swift; path = GetExerciseByIdParam.swift; sourceTree = "<group>"; };
		88BB73BD2AC496ED00B9983C /* ImagesGridView.swift */ = {isa = PBXFileReference; lastKnownFileType = sourcecode.swift; path = ImagesGridView.swift; sourceTree = "<group>"; };
		88BB73BF2AC49AFC00B9983C /* ExerciseLocalDataSource.swift */ = {isa = PBXFileReference; lastKnownFileType = sourcecode.swift; path = ExerciseLocalDataSource.swift; sourceTree = "<group>"; };
		88E978C22ABDD10800547761 /* Starter.app */ = {isa = PBXFileReference; explicitFileType = wrapper.application; includeInIndex = 0; path = Starter.app; sourceTree = BUILT_PRODUCTS_DIR; };
		88E978C92ABDD10B00547761 /* Assets.xcassets */ = {isa = PBXFileReference; lastKnownFileType = folder.assetcatalog; path = Assets.xcassets; sourceTree = "<group>"; };
		88E978CC2ABDD10B00547761 /* Preview Assets.xcassets */ = {isa = PBXFileReference; lastKnownFileType = folder.assetcatalog; path = "Preview Assets.xcassets"; sourceTree = "<group>"; };
		88E978D22ABDD10B00547761 /* StarterTests.xctest */ = {isa = PBXFileReference; explicitFileType = wrapper.cfbundle; includeInIndex = 0; path = StarterTests.xctest; sourceTree = BUILT_PRODUCTS_DIR; };
		88E978D62ABDD10B00547761 /* StarterTests.swift */ = {isa = PBXFileReference; lastKnownFileType = sourcecode.swift; path = StarterTests.swift; sourceTree = "<group>"; };
		88E978DC2ABDD10B00547761 /* StarterUITests.xctest */ = {isa = PBXFileReference; explicitFileType = wrapper.cfbundle; includeInIndex = 0; path = StarterUITests.xctest; sourceTree = BUILT_PRODUCTS_DIR; };
		88E978E02ABDD10B00547761 /* StarterUITests.swift */ = {isa = PBXFileReference; lastKnownFileType = sourcecode.swift; path = StarterUITests.swift; sourceTree = "<group>"; };
		88E978E22ABDD10B00547761 /* StarterUITestsLaunchTests.swift */ = {isa = PBXFileReference; lastKnownFileType = sourcecode.swift; path = StarterUITestsLaunchTests.swift; sourceTree = "<group>"; };
		88E978F22ABDD28300547761 /* Info.plist */ = {isa = PBXFileReference; lastKnownFileType = text.plist; path = Info.plist; sourceTree = "<group>"; };
		88E978F82ABDD2F900547761 /* FadeInNetworkImage.swift */ = {isa = PBXFileReference; fileEncoding = 4; lastKnownFileType = sourcecode.swift; path = FadeInNetworkImage.swift; sourceTree = "<group>"; };
		88E979182ABDD2F900547761 /* TransitionView.swift */ = {isa = PBXFileReference; fileEncoding = 4; lastKnownFileType = sourcecode.swift; path = TransitionView.swift; sourceTree = "<group>"; };
		88E979192ABDD2F900547761 /* LoadingView.swift */ = {isa = PBXFileReference; fileEncoding = 4; lastKnownFileType = sourcecode.swift; path = LoadingView.swift; sourceTree = "<group>"; };
		88E9791A2ABDD2F900547761 /* CustomErrorView.swift */ = {isa = PBXFileReference; fileEncoding = 4; lastKnownFileType = sourcecode.swift; path = CustomErrorView.swift; sourceTree = "<group>"; };
		88E9791F2ABDD2F900547761 /* UserDefaultsExtensions.swift */ = {isa = PBXFileReference; fileEncoding = 4; lastKnownFileType = sourcecode.swift; path = UserDefaultsExtensions.swift; sourceTree = "<group>"; };
		88E979212ABDD2F900547761 /* ArrayExtension.swift */ = {isa = PBXFileReference; fileEncoding = 4; lastKnownFileType = sourcecode.swift; path = ArrayExtension.swift; sourceTree = "<group>"; };
		88E979242ABDD2F900547761 /* ImageExtension.swift */ = {isa = PBXFileReference; fileEncoding = 4; lastKnownFileType = sourcecode.swift; path = ImageExtension.swift; sourceTree = "<group>"; };
		88E979272ABDD2F900547761 /* ViewExtension.swift */ = {isa = PBXFileReference; fileEncoding = 4; lastKnownFileType = sourcecode.swift; path = ViewExtension.swift; sourceTree = "<group>"; };
		88E979282ABDD2F900547761 /* ColorExtension.swift */ = {isa = PBXFileReference; fileEncoding = 4; lastKnownFileType = sourcecode.swift; path = ColorExtension.swift; sourceTree = "<group>"; };
		88E979302ABDD2F900547761 /* ViewDidLoadModifier.swift */ = {isa = PBXFileReference; fileEncoding = 4; lastKnownFileType = sourcecode.swift; path = ViewDidLoadModifier.swift; sourceTree = "<group>"; };
		88E979372ABDD2F900547761 /* UserDefaultsWrapper.swift */ = {isa = PBXFileReference; fileEncoding = 4; lastKnownFileType = sourcecode.swift; path = UserDefaultsWrapper.swift; sourceTree = "<group>"; };
		88E979392ABDD2F900547761 /* APIService.swift */ = {isa = PBXFileReference; fileEncoding = 4; lastKnownFileType = sourcecode.swift; path = APIService.swift; sourceTree = "<group>"; };
		88E9793E2ABDD2F900547761 /* DependencyInjector.swift */ = {isa = PBXFileReference; fileEncoding = 4; lastKnownFileType = sourcecode.swift; path = DependencyInjector.swift; sourceTree = "<group>"; };
		88E979472ABDD2F900547761 /* Constantss.swift */ = {isa = PBXFileReference; fileEncoding = 4; lastKnownFileType = sourcecode.swift; path = Constantss.swift; sourceTree = "<group>"; };
		88E979482ABDD2F900547761 /* FilesConstants.swift */ = {isa = PBXFileReference; fileEncoding = 4; lastKnownFileType = sourcecode.swift; path = FilesConstants.swift; sourceTree = "<group>"; };
		88E979492ABDD2F900547761 /* UrlConstants.swift */ = {isa = PBXFileReference; fileEncoding = 4; lastKnownFileType = sourcecode.swift; path = UrlConstants.swift; sourceTree = "<group>"; };
		88E9794C2ABDD2F900547761 /* CustomError.swift */ = {isa = PBXFileReference; fileEncoding = 4; lastKnownFileType = sourcecode.swift; path = CustomError.swift; sourceTree = "<group>"; };
		88E9794E2ABDD2F900547761 /* BaseModel.swift */ = {isa = PBXFileReference; fileEncoding = 4; lastKnownFileType = sourcecode.swift; path = BaseModel.swift; sourceTree = "<group>"; };
		88E9794F2ABDD2F900547761 /* BaseViewModel.swift */ = {isa = PBXFileReference; fileEncoding = 4; lastKnownFileType = sourcecode.swift; path = BaseViewModel.swift; sourceTree = "<group>"; };
		88E979502ABDD2F900547761 /* BaseParam.swift */ = {isa = PBXFileReference; fileEncoding = 4; lastKnownFileType = sourcecode.swift; path = BaseParam.swift; sourceTree = "<group>"; };
		88E97BBC2ABDDC4000547761 /* Glory-VariableFont_wght.ttf */ = {isa = PBXFileReference; lastKnownFileType = file; path = "Glory-VariableFont_wght.ttf"; sourceTree = "<group>"; };
		88E97BBD2ABDDC4000547761 /* Glory-SemiBold.ttf */ = {isa = PBXFileReference; lastKnownFileType = file; path = "Glory-SemiBold.ttf"; sourceTree = "<group>"; };
		88E97BBE2ABDDC4000547761 /* Glory-SemiBoldItalic.ttf */ = {isa = PBXFileReference; lastKnownFileType = file; path = "Glory-SemiBoldItalic.ttf"; sourceTree = "<group>"; };
		88E97BBF2ABDDC4000547761 /* Glory-Regular.ttf */ = {isa = PBXFileReference; lastKnownFileType = file; path = "Glory-Regular.ttf"; sourceTree = "<group>"; };
		88E97BC02ABDDC4000547761 /* Glory-Medium.ttf */ = {isa = PBXFileReference; lastKnownFileType = file; path = "Glory-Medium.ttf"; sourceTree = "<group>"; };
		88E97BC12ABDDC4000547761 /* Glory-LightItalic.ttf */ = {isa = PBXFileReference; lastKnownFileType = file; path = "Glory-LightItalic.ttf"; sourceTree = "<group>"; };
		88E97BC22ABDDC4000547761 /* Glory-Italic-VariableFont_wght.ttf */ = {isa = PBXFileReference; lastKnownFileType = file; path = "Glory-Italic-VariableFont_wght.ttf"; sourceTree = "<group>"; };
		88E97BC32ABDDC4000547761 /* Glory-BoldItalic.ttf */ = {isa = PBXFileReference; lastKnownFileType = file; path = "Glory-BoldItalic.ttf"; sourceTree = "<group>"; };
		88E97BC42ABDDC4000547761 /* Glory-ThinItalic.ttf */ = {isa = PBXFileReference; lastKnownFileType = file; path = "Glory-ThinItalic.ttf"; sourceTree = "<group>"; };
		88E97BC52ABDDC4000547761 /* Glory-ExtraLight.ttf */ = {isa = PBXFileReference; lastKnownFileType = file; path = "Glory-ExtraLight.ttf"; sourceTree = "<group>"; };
		88E97BC62ABDDC4000547761 /* Glory-Light.ttf */ = {isa = PBXFileReference; lastKnownFileType = file; path = "Glory-Light.ttf"; sourceTree = "<group>"; };
		88E97BC72ABDDC4000547761 /* Glory-Thin.ttf */ = {isa = PBXFileReference; lastKnownFileType = file; path = "Glory-Thin.ttf"; sourceTree = "<group>"; };
		88E97BC82ABDDC4000547761 /* Glory-MediumItalic.ttf */ = {isa = PBXFileReference; lastKnownFileType = file; path = "Glory-MediumItalic.ttf"; sourceTree = "<group>"; };
		88E97BC92ABDDC4000547761 /* Glory-Italic.ttf */ = {isa = PBXFileReference; lastKnownFileType = file; path = "Glory-Italic.ttf"; sourceTree = "<group>"; };
		88E97BCA2ABDDC4000547761 /* Glory-Bold.ttf */ = {isa = PBXFileReference; lastKnownFileType = file; path = "Glory-Bold.ttf"; sourceTree = "<group>"; };
		88E97BCB2ABDDC4000547761 /* Glory-ExtraBold.ttf */ = {isa = PBXFileReference; lastKnownFileType = file; path = "Glory-ExtraBold.ttf"; sourceTree = "<group>"; };
		88E97BCC2ABDDC4000547761 /* Glory-ExtraBoldItalic.ttf */ = {isa = PBXFileReference; lastKnownFileType = file; path = "Glory-ExtraBoldItalic.ttf"; sourceTree = "<group>"; };
		88E97BCD2ABDDC4000547761 /* Glory-ExtraLightItalic.ttf */ = {isa = PBXFileReference; lastKnownFileType = file; path = "Glory-ExtraLightItalic.ttf"; sourceTree = "<group>"; };
		88E97C4F2ABDDC8A00547761 /* FontExtension.swift */ = {isa = PBXFileReference; fileEncoding = 4; lastKnownFileType = sourcecode.swift; path = FontExtension.swift; sourceTree = "<group>"; };
/* End PBXFileReference section */

/* Begin PBXFrameworksBuildPhase section */
		88E978BF2ABDD10700547761 /* Frameworks */ = {
			isa = PBXFrameworksBuildPhase;
			buildActionMask = 2147483647;
			files = (
				88B06C5B2AC582B90047E0AC /* SDWebImageSwiftUI in Frameworks */,
				88BB73B42AC42D9400B9983C /* SnapKit in Frameworks */,
				88E978F12ABDD1C200547761 /* Alamofire in Frameworks */,
			);
			runOnlyForDeploymentPostprocessing = 0;
		};
		88E978CF2ABDD10B00547761 /* Frameworks */ = {
			isa = PBXFrameworksBuildPhase;
			buildActionMask = 2147483647;
			files = (
				8822ED8A2AC5CBA100A92925 /* SDWebImageSwiftUI in Frameworks */,
			);
			runOnlyForDeploymentPostprocessing = 0;
		};
		88E978D92ABDD10B00547761 /* Frameworks */ = {
			isa = PBXFrameworksBuildPhase;
			buildActionMask = 2147483647;
			files = (
			);
			runOnlyForDeploymentPostprocessing = 0;
		};
/* End PBXFrameworksBuildPhase section */

/* Begin PBXGroup section */
		8822ED882AC5CBA100A92925 /* Frameworks */ = {
			isa = PBXGroup;
			children = (
			);
			name = Frameworks;
			sourceTree = "<group>";
		};
		88703F992AC33CB300271658 /* Exercise */ = {
			isa = PBXGroup;
			children = (
				88703F9A2AC33E8C00271658 /* Data */,
				88703FA72AC342D700271658 /* Presentation */,
			);
			path = Exercise;
			sourceTree = "<group>";
		};
		88703F9A2AC33E8C00271658 /* Data */ = {
			isa = PBXGroup;
			children = (
				88703F9C2AC33EB400271658 /* Model */,
				88703FA62AC342C900271658 /* Param */,
				88703F9B2AC33E9400271658 /* DataSource */,
				88703FA32AC3421900271658 /* Repository */,
			);
			path = Data;
			sourceTree = "<group>";
		};
		88703F9B2AC33E9400271658 /* DataSource */ = {
			isa = PBXGroup;
			children = (
				88703F9D2AC340CA00271658 /* ExcerciseDataSrouce.swift */,
				88703FA12AC341A300271658 /* ExerciseRemoteDataSource.swift */,
				88BB73BF2AC49AFC00B9983C /* ExerciseLocalDataSource.swift */,
			);
			path = DataSource;
			sourceTree = "<group>";
		};
		88703F9C2AC33EB400271658 /* Model */ = {
			isa = PBXGroup;
			children = (
				88703F9F2AC3413600271658 /* ExercisesModel.swift */,
				88703FB32AC34D9400271658 /* ExerciseImagesModel.swift */,
			);
			path = Model;
			sourceTree = "<group>";
		};
		88703FA32AC3421900271658 /* Repository */ = {
			isa = PBXGroup;
			children = (
				88703FA42AC3424200271658 /* ExerciseRepository.swift */,
			);
			path = Repository;
			sourceTree = "<group>";
		};
		88703FA62AC342C900271658 /* Param */ = {
			isa = PBXGroup;
			children = (
				88BB73BB2AC4711400B9983C /* GetExerciseByIdParam.swift */,
			);
			path = Param;
			sourceTree = "<group>";
		};
		88703FA72AC342D700271658 /* Presentation */ = {
			isa = PBXGroup;
			children = (
				88703FA82AC342EC00271658 /* ViewModel */,
				88703FB02AC3463F00271658 /* Screen */,
				88703FB72AC3512700271658 /* View */,
			);
			path = Presentation;
			sourceTree = "<group>";
		};
		88703FA82AC342EC00271658 /* ViewModel */ = {
			isa = PBXGroup;
			children = (
				88703FAA2AC3431300271658 /* ExerciseEvent.swift */,
				88703FAC2AC3434F00271658 /* ExerciseState.swift */,
				88703FAE2AC3444700271658 /* ExerciseViewModel.swift */,
			);
			path = ViewModel;
			sourceTree = "<group>";
		};
		88703FB02AC3463F00271658 /* Screen */ = {
			isa = PBXGroup;
			children = (
				88703FB12AC3465A00271658 /* ExercisesScreen.swift */,
				88BB73B72AC462CD00B9983C /* ExerciseDetailScreen.swift */,
			);
			path = Screen;
			sourceTree = "<group>";
		};
		88703FB72AC3512700271658 /* View */ = {
			isa = PBXGroup;
			children = (
				88703FB82AC3514D00271658 /* ExerciseListItemView.swift */,
				88BB73B92AC46A8C00B9983C /* ExerciseListItemIdLoader.swift */,
				88BB73BD2AC496ED00B9983C /* ImagesGridView.swift */,
			);
			path = View;
			sourceTree = "<group>";
		};
		88E978B92ABDD10700547761 = {
			isa = PBXGroup;
			children = (
				8822ED8B2AC5D39300A92925 /* README.md */,
				88E978C42ABDD10800547761 /* Starter */,
				88E978D52ABDD10B00547761 /* StarterTests */,
				88E978DF2ABDD10B00547761 /* StarterUITests */,
				88E978C32ABDD10800547761 /* Products */,
				8822ED882AC5CBA100A92925 /* Frameworks */,
			);
			sourceTree = "<group>";
		};
		88E978C32ABDD10800547761 /* Products */ = {
			isa = PBXGroup;
			children = (
				88E978C22ABDD10800547761 /* Starter.app */,
				88E978D22ABDD10B00547761 /* StarterTests.xctest */,
				88E978DC2ABDD10B00547761 /* StarterUITests.xctest */,
			);
			name = Products;
			sourceTree = "<group>";
		};
		88E978C42ABDD10800547761 /* Starter */ = {
			isa = PBXGroup;
			children = (
				88BB73B02AC42AA300B9983C /* AppDelegate.swift */,
				88E978F22ABDD28300547761 /* Info.plist */,
				88E97B482ABDDC4000547761 /* Assets */,
				88E979A62ABDD85800547761 /* Modules */,
				88E978F32ABDD2F900547761 /* Core */,
				88E978C92ABDD10B00547761 /* Assets.xcassets */,
				88E978CB2ABDD10B00547761 /* Preview Content */,
			);
			path = Starter;
			sourceTree = "<group>";
		};
		88E978CB2ABDD10B00547761 /* Preview Content */ = {
			isa = PBXGroup;
			children = (
				88E978CC2ABDD10B00547761 /* Preview Assets.xcassets */,
			);
			path = "Preview Content";
			sourceTree = "<group>";
		};
		88E978D52ABDD10B00547761 /* StarterTests */ = {
			isa = PBXGroup;
			children = (
				88E978D62ABDD10B00547761 /* StarterTests.swift */,
			);
			path = StarterTests;
			sourceTree = "<group>";
		};
		88E978DF2ABDD10B00547761 /* StarterUITests */ = {
			isa = PBXGroup;
			children = (
				88E978E02ABDD10B00547761 /* StarterUITests.swift */,
				88E978E22ABDD10B00547761 /* StarterUITestsLaunchTests.swift */,
			);
			path = StarterUITests;
			sourceTree = "<group>";
		};
		88E978F32ABDD2F900547761 /* Core */ = {
			isa = PBXGroup;
			children = (
				88E978F42ABDD2F900547761 /* Ui */,
				88E9791C2ABDD2F900547761 /* Extension */,
				88E9792E2ABDD2F900547761 /* Modifier */,
				88E979362ABDD2F900547761 /* PorpertyWrappers */,
				88E979382ABDD2F900547761 /* Networking */,
				88E9793D2ABDD2F900547761 /* Utilities */,
				88E979462ABDD2F900547761 /* Common */,
				88E9794A2ABDD2F900547761 /* Error */,
				88E9794D2ABDD2F900547761 /* Base */,
			);
			path = Core;
			sourceTree = "<group>";
		};
		88E978F42ABDD2F900547761 /* Ui */ = {
			isa = PBXGroup;
			children = (
				88E978F82ABDD2F900547761 /* FadeInNetworkImage.swift */,
				88E979182ABDD2F900547761 /* TransitionView.swift */,
				88E979192ABDD2F900547761 /* LoadingView.swift */,
				88E9791A2ABDD2F900547761 /* CustomErrorView.swift */,
			);
			path = Ui;
			sourceTree = "<group>";
		};
		88E9791C2ABDD2F900547761 /* Extension */ = {
			isa = PBXGroup;
			children = (
				88E97C4F2ABDDC8A00547761 /* FontExtension.swift */,
				88E9791F2ABDD2F900547761 /* UserDefaultsExtensions.swift */,
				88E979212ABDD2F900547761 /* ArrayExtension.swift */,
				88E979242ABDD2F900547761 /* ImageExtension.swift */,
				88E979272ABDD2F900547761 /* ViewExtension.swift */,
				88E979282ABDD2F900547761 /* ColorExtension.swift */,
			);
			path = Extension;
			sourceTree = "<group>";
		};
		88E9792E2ABDD2F900547761 /* Modifier */ = {
			isa = PBXGroup;
			children = (
				88B06C5C2AC5931B0047E0AC /* TextModifier.swift */,
				88E979302ABDD2F900547761 /* ViewDidLoadModifier.swift */,
			);
			path = Modifier;
			sourceTree = "<group>";
		};
		88E979362ABDD2F900547761 /* PorpertyWrappers */ = {
			isa = PBXGroup;
			children = (
				88E979372ABDD2F900547761 /* UserDefaultsWrapper.swift */,
			);
			path = PorpertyWrappers;
			sourceTree = "<group>";
		};
		88E979382ABDD2F900547761 /* Networking */ = {
			isa = PBXGroup;
			children = (
				88E979392ABDD2F900547761 /* APIService.swift */,
			);
			path = Networking;
			sourceTree = "<group>";
		};
		88E9793D2ABDD2F900547761 /* Utilities */ = {
			isa = PBXGroup;
			children = (
				88E9793E2ABDD2F900547761 /* DependencyInjector.swift */,
				88B06C5E2AC595840047E0AC /* NetworkMonitor.swift */,
			);
			path = Utilities;
			sourceTree = "<group>";
		};
		88E979462ABDD2F900547761 /* Common */ = {
			isa = PBXGroup;
			children = (
				88E979472ABDD2F900547761 /* Constantss.swift */,
				88E979482ABDD2F900547761 /* FilesConstants.swift */,
				88E979492ABDD2F900547761 /* UrlConstants.swift */,
			);
			path = Common;
			sourceTree = "<group>";
		};
		88E9794A2ABDD2F900547761 /* Error */ = {
			isa = PBXGroup;
			children = (
				88E9794C2ABDD2F900547761 /* CustomError.swift */,
			);
			path = Error;
			sourceTree = "<group>";
		};
		88E9794D2ABDD2F900547761 /* Base */ = {
			isa = PBXGroup;
			children = (
				88E9794E2ABDD2F900547761 /* BaseModel.swift */,
				88E9794F2ABDD2F900547761 /* BaseViewModel.swift */,
				88E979502ABDD2F900547761 /* BaseParam.swift */,
			);
			path = Base;
			sourceTree = "<group>";
		};
		88E979A62ABDD85800547761 /* Modules */ = {
			isa = PBXGroup;
			children = (
				88703F992AC33CB300271658 /* Exercise */,
			);
			path = Modules;
			sourceTree = "<group>";
		};
		88E97B482ABDDC4000547761 /* Assets */ = {
			isa = PBXGroup;
			children = (
				88E97BBA2ABDDC4000547761 /* Font */,
			);
			path = Assets;
			sourceTree = "<group>";
		};
		88E97BBA2ABDDC4000547761 /* Font */ = {
			isa = PBXGroup;
			children = (
				88E97BBB2ABDDC4000547761 /* Glory */,
			);
			path = Font;
			sourceTree = "<group>";
		};
		88E97BBB2ABDDC4000547761 /* Glory */ = {
			isa = PBXGroup;
			children = (
				88E97BBC2ABDDC4000547761 /* Glory-VariableFont_wght.ttf */,
				88E97BBD2ABDDC4000547761 /* Glory-SemiBold.ttf */,
				88E97BBE2ABDDC4000547761 /* Glory-SemiBoldItalic.ttf */,
				88E97BBF2ABDDC4000547761 /* Glory-Regular.ttf */,
				88E97BC02ABDDC4000547761 /* Glory-Medium.ttf */,
				88E97BC12ABDDC4000547761 /* Glory-LightItalic.ttf */,
				88E97BC22ABDDC4000547761 /* Glory-Italic-VariableFont_wght.ttf */,
				88E97BC32ABDDC4000547761 /* Glory-BoldItalic.ttf */,
				88E97BC42ABDDC4000547761 /* Glory-ThinItalic.ttf */,
				88E97BC52ABDDC4000547761 /* Glory-ExtraLight.ttf */,
				88E97BC62ABDDC4000547761 /* Glory-Light.ttf */,
				88E97BC72ABDDC4000547761 /* Glory-Thin.ttf */,
				88E97BC82ABDDC4000547761 /* Glory-MediumItalic.ttf */,
				88E97BC92ABDDC4000547761 /* Glory-Italic.ttf */,
				88E97BCA2ABDDC4000547761 /* Glory-Bold.ttf */,
				88E97BCB2ABDDC4000547761 /* Glory-ExtraBold.ttf */,
				88E97BCC2ABDDC4000547761 /* Glory-ExtraBoldItalic.ttf */,
				88E97BCD2ABDDC4000547761 /* Glory-ExtraLightItalic.ttf */,
			);
			path = Glory;
			sourceTree = "<group>";
		};
/* End PBXGroup section */

/* Begin PBXNativeTarget section */
		88E978C12ABDD10700547761 /* Starter */ = {
			isa = PBXNativeTarget;
			buildConfigurationList = 88E978E62ABDD10B00547761 /* Build configuration list for PBXNativeTarget "Starter" */;
			buildPhases = (
				88E978BE2ABDD10700547761 /* Sources */,
				88E978BF2ABDD10700547761 /* Frameworks */,
				88E978C02ABDD10700547761 /* Resources */,
			);
			buildRules = (
			);
			dependencies = (
			);
			name = Starter;
			packageProductDependencies = (
				88E978F02ABDD1C200547761 /* Alamofire */,
				88BB73B32AC42D9400B9983C /* SnapKit */,
				88B06C5A2AC582B90047E0AC /* SDWebImageSwiftUI */,
			);
			productName = Starter;
			productReference = 88E978C22ABDD10800547761 /* Starter.app */;
			productType = "com.apple.product-type.application";
		};
		88E978D12ABDD10B00547761 /* StarterTests */ = {
			isa = PBXNativeTarget;
			buildConfigurationList = 88E978E92ABDD10B00547761 /* Build configuration list for PBXNativeTarget "StarterTests" */;
			buildPhases = (
				88E978CE2ABDD10B00547761 /* Sources */,
				88E978CF2ABDD10B00547761 /* Frameworks */,
				88E978D02ABDD10B00547761 /* Resources */,
			);
			buildRules = (
			);
			dependencies = (
				88E978D42ABDD10B00547761 /* PBXTargetDependency */,
			);
			name = StarterTests;
			packageProductDependencies = (
				8822ED892AC5CBA100A92925 /* SDWebImageSwiftUI */,
			);
			productName = StarterTests;
			productReference = 88E978D22ABDD10B00547761 /* StarterTests.xctest */;
			productType = "com.apple.product-type.bundle.unit-test";
		};
		88E978DB2ABDD10B00547761 /* StarterUITests */ = {
			isa = PBXNativeTarget;
			buildConfigurationList = 88E978EC2ABDD10B00547761 /* Build configuration list for PBXNativeTarget "StarterUITests" */;
			buildPhases = (
				88E978D82ABDD10B00547761 /* Sources */,
				88E978D92ABDD10B00547761 /* Frameworks */,
				88E978DA2ABDD10B00547761 /* Resources */,
			);
			buildRules = (
			);
			dependencies = (
				88E978DE2ABDD10B00547761 /* PBXTargetDependency */,
			);
			name = StarterUITests;
			productName = StarterUITests;
			productReference = 88E978DC2ABDD10B00547761 /* StarterUITests.xctest */;
			productType = "com.apple.product-type.bundle.ui-testing";
		};
/* End PBXNativeTarget section */

/* Begin PBXProject section */
		88E978BA2ABDD10700547761 /* Project object */ = {
			isa = PBXProject;
			attributes = {
				BuildIndependentTargetsInParallel = 1;
				LastSwiftUpdateCheck = 1430;
				LastUpgradeCheck = 1430;
				TargetAttributes = {
					88E978C12ABDD10700547761 = {
						CreatedOnToolsVersion = 14.3;
					};
					88E978D12ABDD10B00547761 = {
						CreatedOnToolsVersion = 14.3;
						TestTargetID = 88E978C12ABDD10700547761;
					};
					88E978DB2ABDD10B00547761 = {
						CreatedOnToolsVersion = 14.3;
						TestTargetID = 88E978C12ABDD10700547761;
					};
				};
			};
			buildConfigurationList = 88E978BD2ABDD10700547761 /* Build configuration list for PBXProject "GymondoTest" */;
			compatibilityVersion = "Xcode 14.0";
			developmentRegion = en;
			hasScannedForEncodings = 0;
			knownRegions = (
				en,
				Base,
			);
			mainGroup = 88E978B92ABDD10700547761;
			packageReferences = (
				88E978EF2ABDD1C100547761 /* XCRemoteSwiftPackageReference "Alamofire" */,
				88E979A32ABDD6DB00547761 /* XCRemoteSwiftPackageReference "swiftui-cached-async-image" */,
				88BB73B22AC42D9400B9983C /* XCRemoteSwiftPackageReference "SnapKit" */,
				88B06C592AC582B90047E0AC /* XCRemoteSwiftPackageReference "SDWebImageSwiftUI" */,
			);
			productRefGroup = 88E978C32ABDD10800547761 /* Products */;
			projectDirPath = "";
			projectRoot = "";
			targets = (
				88E978C12ABDD10700547761 /* Starter */,
				88E978D12ABDD10B00547761 /* StarterTests */,
				88E978DB2ABDD10B00547761 /* StarterUITests */,
			);
		};
/* End PBXProject section */

/* Begin PBXResourcesBuildPhase section */
		88E978C02ABDD10700547761 /* Resources */ = {
			isa = PBXResourcesBuildPhase;
			buildActionMask = 2147483647;
			files = (
				88E97C3E2ABDDC4100547761 /* Glory-SemiBold.ttf in Resources */,
				88E97C432ABDDC4100547761 /* Glory-Italic-VariableFont_wght.ttf in Resources */,
				88E97C462ABDDC4100547761 /* Glory-ExtraLight.ttf in Resources */,
				8822ED8C2AC5D39300A92925 /* README.md in Resources */,
				88E97C3D2ABDDC4100547761 /* Glory-VariableFont_wght.ttf in Resources */,
				88E97C4C2ABDDC4100547761 /* Glory-ExtraBold.ttf in Resources */,
				88E97C422ABDDC4100547761 /* Glory-LightItalic.ttf in Resources */,
				88E97C4A2ABDDC4100547761 /* Glory-Italic.ttf in Resources */,
				88E97C412ABDDC4100547761 /* Glory-Medium.ttf in Resources */,
				88E97C492ABDDC4100547761 /* Glory-MediumItalic.ttf in Resources */,
				88E97C4B2ABDDC4100547761 /* Glory-Bold.ttf in Resources */,
				88E97C4D2ABDDC4100547761 /* Glory-ExtraBoldItalic.ttf in Resources */,
				88E978CD2ABDD10B00547761 /* Preview Assets.xcassets in Resources */,
				88E97C472ABDDC4100547761 /* Glory-Light.ttf in Resources */,
				88E97C482ABDDC4100547761 /* Glory-Thin.ttf in Resources */,
				88E97C442ABDDC4100547761 /* Glory-BoldItalic.ttf in Resources */,
				88E978CA2ABDD10B00547761 /* Assets.xcassets in Resources */,
				88E97C4E2ABDDC4100547761 /* Glory-ExtraLightItalic.ttf in Resources */,
				88E97C3F2ABDDC4100547761 /* Glory-SemiBoldItalic.ttf in Resources */,
				88E97C452ABDDC4100547761 /* Glory-ThinItalic.ttf in Resources */,
				88E97C402ABDDC4100547761 /* Glory-Regular.ttf in Resources */,
			);
			runOnlyForDeploymentPostprocessing = 0;
		};
		88E978D02ABDD10B00547761 /* Resources */ = {
			isa = PBXResourcesBuildPhase;
			buildActionMask = 2147483647;
			files = (
			);
			runOnlyForDeploymentPostprocessing = 0;
		};
		88E978DA2ABDD10B00547761 /* Resources */ = {
			isa = PBXResourcesBuildPhase;
			buildActionMask = 2147483647;
			files = (
			);
			runOnlyForDeploymentPostprocessing = 0;
		};
/* End PBXResourcesBuildPhase section */

/* Begin PBXSourcesBuildPhase section */
		88E978BE2ABDD10700547761 /* Sources */ = {
			isa = PBXSourcesBuildPhase;
			buildActionMask = 2147483647;
			files = (
				88703FB42AC34D9400271658 /* ExerciseImagesModel.swift in Sources */,
				88E979902ABDD2F900547761 /* APIService.swift in Sources */,
				88E9799C2ABDD2F900547761 /* FilesConstants.swift in Sources */,
				88703FAF2AC3444700271658 /* ExerciseViewModel.swift in Sources */,
				88E97C502ABDDC8A00547761 /* FontExtension.swift in Sources */,
				88E979A12ABDD2F900547761 /* BaseViewModel.swift in Sources */,
				88E9799D2ABDD2F900547761 /* UrlConstants.swift in Sources */,
				88E979762ABDD2F900547761 /* CustomErrorView.swift in Sources */,
				88E9798F2ABDD2F900547761 /* UserDefaultsWrapper.swift in Sources */,
				88BB73BA2AC46A8C00B9983C /* ExerciseListItemIdLoader.swift in Sources */,
				88E9798A2ABDD2F900547761 /* ViewDidLoadModifier.swift in Sources */,
				88E979752ABDD2F900547761 /* LoadingView.swift in Sources */,
				88BB73B82AC462CD00B9983C /* ExerciseDetailScreen.swift in Sources */,
				88E979932ABDD2F900547761 /* DependencyInjector.swift in Sources */,
				88703FA52AC3424200271658 /* ExerciseRepository.swift in Sources */,
				88E9799F2ABDD2F900547761 /* CustomError.swift in Sources */,
				88703FA22AC341A300271658 /* ExerciseRemoteDataSource.swift in Sources */,
				88703FB92AC3514D00271658 /* ExerciseListItemView.swift in Sources */,
				88BB73C02AC49AFC00B9983C /* ExerciseLocalDataSource.swift in Sources */,
				88703FAB2AC3431300271658 /* ExerciseEvent.swift in Sources */,
				88703FAD2AC3434F00271658 /* ExerciseState.swift in Sources */,
				88E9797F2ABDD2F900547761 /* ImageExtension.swift in Sources */,
				88B06C5F2AC595840047E0AC /* NetworkMonitor.swift in Sources */,
				88BB73B12AC42AA300B9983C /* AppDelegate.swift in Sources */,
				88E9797C2ABDD2F900547761 /* ArrayExtension.swift in Sources */,
				88E979822ABDD2F900547761 /* ViewExtension.swift in Sources */,
				88E979A02ABDD2F900547761 /* BaseModel.swift in Sources */,
				88703FA02AC3413600271658 /* ExercisesModel.swift in Sources */,
				88E979542ABDD2F900547761 /* FadeInNetworkImage.swift in Sources */,
				88703F9E2AC340CA00271658 /* ExcerciseDataSrouce.swift in Sources */,
				88E9797A2ABDD2F900547761 /* UserDefaultsExtensions.swift in Sources */,
				88E979A22ABDD2F900547761 /* BaseParam.swift in Sources */,
				88BB73BC2AC4711400B9983C /* GetExerciseByIdParam.swift in Sources */,
				88E9799B2ABDD2F900547761 /* Constantss.swift in Sources */,
				88703FB22AC3465A00271658 /* ExercisesScreen.swift in Sources */,
				88E979832ABDD2F900547761 /* ColorExtension.swift in Sources */,
				88B06C5D2AC5931C0047E0AC /* TextModifier.swift in Sources */,
				88E979742ABDD2F900547761 /* TransitionView.swift in Sources */,
				88BB73BE2AC496ED00B9983C /* ImagesGridView.swift in Sources */,
			);
			runOnlyForDeploymentPostprocessing = 0;
		};
		88E978CE2ABDD10B00547761 /* Sources */ = {
			isa = PBXSourcesBuildPhase;
			buildActionMask = 2147483647;
			files = (
				88E978D72ABDD10B00547761 /* StarterTests.swift in Sources */,
			);
			runOnlyForDeploymentPostprocessing = 0;
		};
		88E978D82ABDD10B00547761 /* Sources */ = {
			isa = PBXSourcesBuildPhase;
			buildActionMask = 2147483647;
			files = (
				88E978E32ABDD10B00547761 /* StarterUITestsLaunchTests.swift in Sources */,
				88E978E12ABDD10B00547761 /* StarterUITests.swift in Sources */,
			);
			runOnlyForDeploymentPostprocessing = 0;
		};
/* End PBXSourcesBuildPhase section */

/* Begin PBXTargetDependency section */
		88E978D42ABDD10B00547761 /* PBXTargetDependency */ = {
			isa = PBXTargetDependency;
			target = 88E978C12ABDD10700547761 /* Starter */;
			targetProxy = 88E978D32ABDD10B00547761 /* PBXContainerItemProxy */;
		};
		88E978DE2ABDD10B00547761 /* PBXTargetDependency */ = {
			isa = PBXTargetDependency;
			target = 88E978C12ABDD10700547761 /* Starter */;
			targetProxy = 88E978DD2ABDD10B00547761 /* PBXContainerItemProxy */;
		};
/* End PBXTargetDependency section */

/* Begin XCBuildConfiguration section */
		88E978E42ABDD10B00547761 /* Debug */ = {
			isa = XCBuildConfiguration;
			buildSettings = {
				ALWAYS_SEARCH_USER_PATHS = NO;
				CLANG_ANALYZER_NONNULL = YES;
				CLANG_ANALYZER_NUMBER_OBJECT_CONVERSION = YES_AGGRESSIVE;
				CLANG_CXX_LANGUAGE_STANDARD = "gnu++20";
				CLANG_ENABLE_MODULES = YES;
				CLANG_ENABLE_OBJC_ARC = YES;
				CLANG_ENABLE_OBJC_WEAK = YES;
				CLANG_WARN_BLOCK_CAPTURE_AUTORELEASING = YES;
				CLANG_WARN_BOOL_CONVERSION = YES;
				CLANG_WARN_COMMA = YES;
				CLANG_WARN_CONSTANT_CONVERSION = YES;
				CLANG_WARN_DEPRECATED_OBJC_IMPLEMENTATIONS = YES;
				CLANG_WARN_DIRECT_OBJC_ISA_USAGE = YES_ERROR;
				CLANG_WARN_DOCUMENTATION_COMMENTS = YES;
				CLANG_WARN_EMPTY_BODY = YES;
				CLANG_WARN_ENUM_CONVERSION = YES;
				CLANG_WARN_INFINITE_RECURSION = YES;
				CLANG_WARN_INT_CONVERSION = YES;
				CLANG_WARN_NON_LITERAL_NULL_CONVERSION = YES;
				CLANG_WARN_OBJC_IMPLICIT_RETAIN_SELF = YES;
				CLANG_WARN_OBJC_LITERAL_CONVERSION = YES;
				CLANG_WARN_OBJC_ROOT_CLASS = YES_ERROR;
				CLANG_WARN_QUOTED_INCLUDE_IN_FRAMEWORK_HEADER = YES;
				CLANG_WARN_RANGE_LOOP_ANALYSIS = YES;
				CLANG_WARN_STRICT_PROTOTYPES = YES;
				CLANG_WARN_SUSPICIOUS_MOVE = YES;
				CLANG_WARN_UNGUARDED_AVAILABILITY = YES_AGGRESSIVE;
				CLANG_WARN_UNREACHABLE_CODE = YES;
				CLANG_WARN__DUPLICATE_METHOD_MATCH = YES;
				COPY_PHASE_STRIP = NO;
				DEBUG_INFORMATION_FORMAT = dwarf;
				ENABLE_STRICT_OBJC_MSGSEND = YES;
				ENABLE_TESTABILITY = YES;
				GCC_C_LANGUAGE_STANDARD = gnu11;
				GCC_DYNAMIC_NO_PIC = NO;
				GCC_NO_COMMON_BLOCKS = YES;
				GCC_OPTIMIZATION_LEVEL = 0;
				GCC_PREPROCESSOR_DEFINITIONS = (
					"DEBUG=1",
					"$(inherited)",
				);
				GCC_WARN_64_TO_32_BIT_CONVERSION = YES;
				GCC_WARN_ABOUT_RETURN_TYPE = YES_ERROR;
				GCC_WARN_UNDECLARED_SELECTOR = YES;
				GCC_WARN_UNINITIALIZED_AUTOS = YES_AGGRESSIVE;
				GCC_WARN_UNUSED_FUNCTION = YES;
				GCC_WARN_UNUSED_VARIABLE = YES;
				IPHONEOS_DEPLOYMENT_TARGET = 16.4;
				MTL_ENABLE_DEBUG_INFO = INCLUDE_SOURCE;
				MTL_FAST_MATH = YES;
				ONLY_ACTIVE_ARCH = YES;
				SDKROOT = iphoneos;
				SWIFT_ACTIVE_COMPILATION_CONDITIONS = DEBUG;
				SWIFT_OPTIMIZATION_LEVEL = "-Onone";
			};
			name = Debug;
		};
		88E978E52ABDD10B00547761 /* Release */ = {
			isa = XCBuildConfiguration;
			buildSettings = {
				ALWAYS_SEARCH_USER_PATHS = NO;
				CLANG_ANALYZER_NONNULL = YES;
				CLANG_ANALYZER_NUMBER_OBJECT_CONVERSION = YES_AGGRESSIVE;
				CLANG_CXX_LANGUAGE_STANDARD = "gnu++20";
				CLANG_ENABLE_MODULES = YES;
				CLANG_ENABLE_OBJC_ARC = YES;
				CLANG_ENABLE_OBJC_WEAK = YES;
				CLANG_WARN_BLOCK_CAPTURE_AUTORELEASING = YES;
				CLANG_WARN_BOOL_CONVERSION = YES;
				CLANG_WARN_COMMA = YES;
				CLANG_WARN_CONSTANT_CONVERSION = YES;
				CLANG_WARN_DEPRECATED_OBJC_IMPLEMENTATIONS = YES;
				CLANG_WARN_DIRECT_OBJC_ISA_USAGE = YES_ERROR;
				CLANG_WARN_DOCUMENTATION_COMMENTS = YES;
				CLANG_WARN_EMPTY_BODY = YES;
				CLANG_WARN_ENUM_CONVERSION = YES;
				CLANG_WARN_INFINITE_RECURSION = YES;
				CLANG_WARN_INT_CONVERSION = YES;
				CLANG_WARN_NON_LITERAL_NULL_CONVERSION = YES;
				CLANG_WARN_OBJC_IMPLICIT_RETAIN_SELF = YES;
				CLANG_WARN_OBJC_LITERAL_CONVERSION = YES;
				CLANG_WARN_OBJC_ROOT_CLASS = YES_ERROR;
				CLANG_WARN_QUOTED_INCLUDE_IN_FRAMEWORK_HEADER = YES;
				CLANG_WARN_RANGE_LOOP_ANALYSIS = YES;
				CLANG_WARN_STRICT_PROTOTYPES = YES;
				CLANG_WARN_SUSPICIOUS_MOVE = YES;
				CLANG_WARN_UNGUARDED_AVAILABILITY = YES_AGGRESSIVE;
				CLANG_WARN_UNREACHABLE_CODE = YES;
				CLANG_WARN__DUPLICATE_METHOD_MATCH = YES;
				COPY_PHASE_STRIP = NO;
				DEBUG_INFORMATION_FORMAT = "dwarf-with-dsym";
				ENABLE_NS_ASSERTIONS = NO;
				ENABLE_STRICT_OBJC_MSGSEND = YES;
				GCC_C_LANGUAGE_STANDARD = gnu11;
				GCC_NO_COMMON_BLOCKS = YES;
				GCC_WARN_64_TO_32_BIT_CONVERSION = YES;
				GCC_WARN_ABOUT_RETURN_TYPE = YES_ERROR;
				GCC_WARN_UNDECLARED_SELECTOR = YES;
				GCC_WARN_UNINITIALIZED_AUTOS = YES_AGGRESSIVE;
				GCC_WARN_UNUSED_FUNCTION = YES;
				GCC_WARN_UNUSED_VARIABLE = YES;
				IPHONEOS_DEPLOYMENT_TARGET = 16.4;
				MTL_ENABLE_DEBUG_INFO = NO;
				MTL_FAST_MATH = YES;
				SDKROOT = iphoneos;
				SWIFT_COMPILATION_MODE = wholemodule;
				SWIFT_OPTIMIZATION_LEVEL = "-O";
				VALIDATE_PRODUCT = YES;
			};
			name = Release;
		};
		88E978E72ABDD10B00547761 /* Debug */ = {
			isa = XCBuildConfiguration;
			buildSettings = {
				ASSETCATALOG_COMPILER_APPICON_NAME = AppIcon;
				ASSETCATALOG_COMPILER_GLOBAL_ACCENT_COLOR_NAME = AccentColor;
				CODE_SIGN_STYLE = Automatic;
				CURRENT_PROJECT_VERSION = 1;
				DEVELOPMENT_ASSET_PATHS = "\"Starter/Preview Content\"";
				DEVELOPMENT_TEAM = T725EF9727;
				ENABLE_PREVIEWS = YES;
				GENERATE_INFOPLIST_FILE = YES;
				INFOPLIST_FILE = Starter/Info.plist;
				INFOPLIST_KEY_CFBundleDisplayName = GymonodoTest;
				INFOPLIST_KEY_UIApplicationSupportsIndirectInputEvents = YES;
				INFOPLIST_KEY_UILaunchScreen_Generation = YES;
				INFOPLIST_KEY_UISupportedInterfaceOrientations = UIInterfaceOrientationPortrait;
				INFOPLIST_KEY_UISupportedInterfaceOrientations_iPad = "UIInterfaceOrientationLandscapeRight UIInterfaceOrientationPortrait UIInterfaceOrientationPortraitUpsideDown";
				IPHONEOS_DEPLOYMENT_TARGET = 15.0;
				LD_RUNPATH_SEARCH_PATHS = (
					"$(inherited)",
					"@executable_path/Frameworks",
				);
				MARKETING_VERSION = 1.0;
				PRODUCT_BUNDLE_IDENTIFIER = com.basselshawi.gymondoTest;
				PRODUCT_NAME = "$(TARGET_NAME)";
				SWIFT_EMIT_LOC_STRINGS = YES;
				SWIFT_VERSION = 5.0;
				TARGETED_DEVICE_FAMILY = "1,2";
			};
			name = Debug;
		};
		88E978E82ABDD10B00547761 /* Release */ = {
			isa = XCBuildConfiguration;
			buildSettings = {
				ASSETCATALOG_COMPILER_APPICON_NAME = AppIcon;
				ASSETCATALOG_COMPILER_GLOBAL_ACCENT_COLOR_NAME = AccentColor;
				CODE_SIGN_STYLE = Automatic;
				CURRENT_PROJECT_VERSION = 1;
				DEVELOPMENT_ASSET_PATHS = "\"Starter/Preview Content\"";
				DEVELOPMENT_TEAM = T725EF9727;
				ENABLE_PREVIEWS = YES;
				GENERATE_INFOPLIST_FILE = YES;
				INFOPLIST_FILE = Starter/Info.plist;
				INFOPLIST_KEY_CFBundleDisplayName = GymonodoTest;
				INFOPLIST_KEY_UIApplicationSupportsIndirectInputEvents = YES;
				INFOPLIST_KEY_UILaunchScreen_Generation = YES;
				INFOPLIST_KEY_UISupportedInterfaceOrientations = UIInterfaceOrientationPortrait;
				INFOPLIST_KEY_UISupportedInterfaceOrientations_iPad = "UIInterfaceOrientationLandscapeRight UIInterfaceOrientationPortrait UIInterfaceOrientationPortraitUpsideDown";
				IPHONEOS_DEPLOYMENT_TARGET = 15.0;
				LD_RUNPATH_SEARCH_PATHS = (
					"$(inherited)",
					"@executable_path/Frameworks",
				);
				MARKETING_VERSION = 1.0;
				PRODUCT_BUNDLE_IDENTIFIER = com.basselshawi.gymondoTest;
				PRODUCT_NAME = "$(TARGET_NAME)";
				SWIFT_EMIT_LOC_STRINGS = YES;
				SWIFT_VERSION = 5.0;
				TARGETED_DEVICE_FAMILY = "1,2";
			};
			name = Release;
		};
		88E978EA2ABDD10B00547761 /* Debug */ = {
			isa = XCBuildConfiguration;
			buildSettings = {
				ALWAYS_EMBED_SWIFT_STANDARD_LIBRARIES = YES;
				BUNDLE_LOADER = "$(TEST_HOST)";
				CODE_SIGN_STYLE = Automatic;
				CURRENT_PROJECT_VERSION = 1;
				DEVELOPMENT_TEAM = T725EF9727;
				GENERATE_INFOPLIST_FILE = YES;
				IPHONEOS_DEPLOYMENT_TARGET = 15.0;
				MARKETING_VERSION = 1.0;
				PRODUCT_BUNDLE_IDENTIFIER = com.micropolis.StarterTests;
				PRODUCT_NAME = "$(TARGET_NAME)";
				SWIFT_EMIT_LOC_STRINGS = NO;
				SWIFT_VERSION = 5.0;
				TARGETED_DEVICE_FAMILY = "1,2";
				TEST_HOST = "$(BUILT_PRODUCTS_DIR)/Starter.app/$(BUNDLE_EXECUTABLE_FOLDER_PATH)/Starter";
			};
			name = Debug;
		};
		88E978EB2ABDD10B00547761 /* Release */ = {
			isa = XCBuildConfiguration;
			buildSettings = {
				ALWAYS_EMBED_SWIFT_STANDARD_LIBRARIES = YES;
				BUNDLE_LOADER = "$(TEST_HOST)";
				CODE_SIGN_STYLE = Automatic;
				CURRENT_PROJECT_VERSION = 1;
				DEVELOPMENT_TEAM = T725EF9727;
				GENERATE_INFOPLIST_FILE = YES;
				IPHONEOS_DEPLOYMENT_TARGET = 15.0;
				MARKETING_VERSION = 1.0;
				PRODUCT_BUNDLE_IDENTIFIER = com.micropolis.StarterTests;
				PRODUCT_NAME = "$(TARGET_NAME)";
				SWIFT_EMIT_LOC_STRINGS = NO;
				SWIFT_VERSION = 5.0;
				TARGETED_DEVICE_FAMILY = "1,2";
				TEST_HOST = "$(BUILT_PRODUCTS_DIR)/Starter.app/$(BUNDLE_EXECUTABLE_FOLDER_PATH)/Starter";
			};
			name = Release;
		};
		88E978ED2ABDD10B00547761 /* Debug */ = {
			isa = XCBuildConfiguration;
			buildSettings = {
				ALWAYS_EMBED_SWIFT_STANDARD_LIBRARIES = YES;
				CODE_SIGN_STYLE = Automatic;
				CURRENT_PROJECT_VERSION = 1;
				DEVELOPMENT_TEAM = T725EF9727;
				GENERATE_INFOPLIST_FILE = YES;
				IPHONEOS_DEPLOYMENT_TARGET = 15.0;
				MARKETING_VERSION = 1.0;
				PRODUCT_BUNDLE_IDENTIFIER = com.micropolis.StarterUITests;
				PRODUCT_NAME = "$(TARGET_NAME)";
				SWIFT_EMIT_LOC_STRINGS = NO;
				SWIFT_VERSION = 5.0;
				TARGETED_DEVICE_FAMILY = "1,2";
				TEST_TARGET_NAME = Starter;
			};
			name = Debug;
		};
		88E978EE2ABDD10B00547761 /* Release */ = {
			isa = XCBuildConfiguration;
			buildSettings = {
				ALWAYS_EMBED_SWIFT_STANDARD_LIBRARIES = YES;
				CODE_SIGN_STYLE = Automatic;
				CURRENT_PROJECT_VERSION = 1;
				DEVELOPMENT_TEAM = T725EF9727;
				GENERATE_INFOPLIST_FILE = YES;
				IPHONEOS_DEPLOYMENT_TARGET = 15.0;
				MARKETING_VERSION = 1.0;
				PRODUCT_BUNDLE_IDENTIFIER = com.micropolis.StarterUITests;
				PRODUCT_NAME = "$(TARGET_NAME)";
				SWIFT_EMIT_LOC_STRINGS = NO;
				SWIFT_VERSION = 5.0;
				TARGETED_DEVICE_FAMILY = "1,2";
				TEST_TARGET_NAME = Starter;
			};
			name = Release;
		};
/* End XCBuildConfiguration section */

/* Begin XCConfigurationList section */
		88E978BD2ABDD10700547761 /* Build configuration list for PBXProject "GymondoTest" */ = {
			isa = XCConfigurationList;
			buildConfigurations = (
				88E978E42ABDD10B00547761 /* Debug */,
				88E978E52ABDD10B00547761 /* Release */,
			);
			defaultConfigurationIsVisible = 0;
			defaultConfigurationName = Release;
		};
		88E978E62ABDD10B00547761 /* Build configuration list for PBXNativeTarget "Starter" */ = {
			isa = XCConfigurationList;
			buildConfigurations = (
				88E978E72ABDD10B00547761 /* Debug */,
				88E978E82ABDD10B00547761 /* Release */,
			);
			defaultConfigurationIsVisible = 0;
			defaultConfigurationName = Release;
		};
		88E978E92ABDD10B00547761 /* Build configuration list for PBXNativeTarget "StarterTests" */ = {
			isa = XCConfigurationList;
			buildConfigurations = (
				88E978EA2ABDD10B00547761 /* Debug */,
				88E978EB2ABDD10B00547761 /* Release */,
			);
			defaultConfigurationIsVisible = 0;
			defaultConfigurationName = Release;
		};
		88E978EC2ABDD10B00547761 /* Build configuration list for PBXNativeTarget "StarterUITests" */ = {
			isa = XCConfigurationList;
			buildConfigurations = (
				88E978ED2ABDD10B00547761 /* Debug */,
				88E978EE2ABDD10B00547761 /* Release */,
			);
			defaultConfigurationIsVisible = 0;
			defaultConfigurationName = Release;
		};
/* End XCConfigurationList section */

/* Begin XCRemoteSwiftPackageReference section */
		88B06C592AC582B90047E0AC /* XCRemoteSwiftPackageReference "SDWebImageSwiftUI" */ = {
			isa = XCRemoteSwiftPackageReference;
			repositoryURL = "https://github.com/SDWebImage/SDWebImageSwiftUI.git";
			requirement = {
				kind = upToNextMajorVersion;
				minimumVersion = 2.0.0;
			};
		};
		88BB73B22AC42D9400B9983C /* XCRemoteSwiftPackageReference "SnapKit" */ = {
			isa = XCRemoteSwiftPackageReference;
			repositoryURL = "https://github.com/SnapKit/SnapKit.git";
			requirement = {
				kind = upToNextMajorVersion;
				minimumVersion = 5.0.0;
			};
		};
		88E978EF2ABDD1C100547761 /* XCRemoteSwiftPackageReference "Alamofire" */ = {
			isa = XCRemoteSwiftPackageReference;
			repositoryURL = "https://github.com/Alamofire/Alamofire.git";
			requirement = {
				kind = upToNextMajorVersion;
				minimumVersion = 5.0.0;
			};
		};
		88E979A32ABDD6DB00547761 /* XCRemoteSwiftPackageReference "swiftui-cached-async-image" */ = {
			isa = XCRemoteSwiftPackageReference;
			repositoryURL = "https://github.com/lorenzofiamingo/swiftui-cached-async-image";
			requirement = {
				kind = upToNextMajorVersion;
				minimumVersion = 2.0.0;
			};
		};
/* End XCRemoteSwiftPackageReference section */

/* Begin XCSwiftPackageProductDependency section */
		8822ED892AC5CBA100A92925 /* SDWebImageSwiftUI */ = {
			isa = XCSwiftPackageProductDependency;
			package = 88B06C592AC582B90047E0AC /* XCRemoteSwiftPackageReference "SDWebImageSwiftUI" */;
			productName = SDWebImageSwiftUI;
		};
		88B06C5A2AC582B90047E0AC /* SDWebImageSwiftUI */ = {
			isa = XCSwiftPackageProductDependency;
			package = 88B06C592AC582B90047E0AC /* XCRemoteSwiftPackageReference "SDWebImageSwiftUI" */;
			productName = SDWebImageSwiftUI;
		};
		88BB73B32AC42D9400B9983C /* SnapKit */ = {
			isa = XCSwiftPackageProductDependency;
			package = 88BB73B22AC42D9400B9983C /* XCRemoteSwiftPackageReference "SnapKit" */;
			productName = SnapKit;
		};
		88E978F02ABDD1C200547761 /* Alamofire */ = {
			isa = XCSwiftPackageProductDependency;
			package = 88E978EF2ABDD1C100547761 /* XCRemoteSwiftPackageReference "Alamofire" */;
			productName = Alamofire;
		};
/* End XCSwiftPackageProductDependency section */
	};
	rootObject = 88E978BA2ABDD10700547761 /* Project object */;
}
