// !$*UTF8*$!
{
	archiveVersion = 1;
	classes = {
	};
	objectVersion = 56;
	objects = {

/* Begin PBXBuildFile section */
		88E978C62ABDD10800547761 /* StarterApp.swift in Sources */ = {isa = PBXBuildFile; fileRef = 88E978C52ABDD10800547761 /* StarterApp.swift */; };
		88E978CA2ABDD10B00547761 /* Assets.xcassets in Resources */ = {isa = PBXBuildFile; fileRef = 88E978C92ABDD10B00547761 /* Assets.xcassets */; };
		88E978CD2ABDD10B00547761 /* Preview Assets.xcassets in Resources */ = {isa = PBXBuildFile; fileRef = 88E978CC2ABDD10B00547761 /* Preview Assets.xcassets */; };
		88E978D72ABDD10B00547761 /* StarterTests.swift in Sources */ = {isa = PBXBuildFile; fileRef = 88E978D62ABDD10B00547761 /* StarterTests.swift */; };
		88E978E12ABDD10B00547761 /* StarterUITests.swift in Sources */ = {isa = PBXBuildFile; fileRef = 88E978E02ABDD10B00547761 /* StarterUITests.swift */; };
		88E978E32ABDD10B00547761 /* StarterUITestsLaunchTests.swift in Sources */ = {isa = PBXBuildFile; fileRef = 88E978E22ABDD10B00547761 /* StarterUITestsLaunchTests.swift */; };
		88E978F12ABDD1C200547761 /* Alamofire in Frameworks */ = {isa = PBXBuildFile; productRef = 88E978F02ABDD1C200547761 /* Alamofire */; };
		88E979532ABDD2F900547761 /* RoundedCorner.swift in Sources */ = {isa = PBXBuildFile; fileRef = 88E978F72ABDD2F900547761 /* RoundedCorner.swift */; };
		88E979542ABDD2F900547761 /* FadeInNetworkImage.swift in Sources */ = {isa = PBXBuildFile; fileRef = 88E978F82ABDD2F900547761 /* FadeInNetworkImage.swift */; };
		88E979562ABDD2F900547761 /* OutlinedButton.swift in Sources */ = {isa = PBXBuildFile; fileRef = 88E978FA2ABDD2F900547761 /* OutlinedButton.swift */; };
		88E979572ABDD2F900547761 /* SearchView.swift in Sources */ = {isa = PBXBuildFile; fileRef = 88E978FB2ABDD2F900547761 /* SearchView.swift */; };
		88E9795C2ABDD2F900547761 /* ModalProgress.swift in Sources */ = {isa = PBXBuildFile; fileRef = 88E979002ABDD2F900547761 /* ModalProgress.swift */; };
		88E9795F2ABDD2F900547761 /* CustomButton.swift in Sources */ = {isa = PBXBuildFile; fileRef = 88E979032ABDD2F900547761 /* CustomButton.swift */; };
		88E979602ABDD2F900547761 /* ExpandableText.swift in Sources */ = {isa = PBXBuildFile; fileRef = 88E979042ABDD2F900547761 /* ExpandableText.swift */; };
		88E979612ABDD2F900547761 /* CustomSegmentedControl.swift in Sources */ = {isa = PBXBuildFile; fileRef = 88E979052ABDD2F900547761 /* CustomSegmentedControl.swift */; };
		88E979622ABDD2F900547761 /* CustomDropDown.swift in Sources */ = {isa = PBXBuildFile; fileRef = 88E979062ABDD2F900547761 /* CustomDropDown.swift */; };
		88E9796A2ABDD2F900547761 /* CustomTextField.swift in Sources */ = {isa = PBXBuildFile; fileRef = 88E9790E2ABDD2F900547761 /* CustomTextField.swift */; };
		88E979712ABDD2F900547761 /* CommonButtons.swift in Sources */ = {isa = PBXBuildFile; fileRef = 88E979152ABDD2F900547761 /* CommonButtons.swift */; };
		88E979742ABDD2F900547761 /* TransitionView.swift in Sources */ = {isa = PBXBuildFile; fileRef = 88E979182ABDD2F900547761 /* TransitionView.swift */; };
		88E979752ABDD2F900547761 /* LoadingView.swift in Sources */ = {isa = PBXBuildFile; fileRef = 88E979192ABDD2F900547761 /* LoadingView.swift */; };
		88E979762ABDD2F900547761 /* CustomErrorView.swift in Sources */ = {isa = PBXBuildFile; fileRef = 88E9791A2ABDD2F900547761 /* CustomErrorView.swift */; };
		88E979772ABDD2F900547761 /* CustomSheet.swift in Sources */ = {isa = PBXBuildFile; fileRef = 88E9791B2ABDD2F900547761 /* CustomSheet.swift */; };
		88E9797A2ABDD2F900547761 /* UserDefaultsExtensions.swift in Sources */ = {isa = PBXBuildFile; fileRef = 88E9791F2ABDD2F900547761 /* UserDefaultsExtensions.swift */; };
		88E9797C2ABDD2F900547761 /* ArrayExtension.swift in Sources */ = {isa = PBXBuildFile; fileRef = 88E979212ABDD2F900547761 /* ArrayExtension.swift */; };
		88E9797D2ABDD2F900547761 /* KeyboardExtension.swift in Sources */ = {isa = PBXBuildFile; fileRef = 88E979222ABDD2F900547761 /* KeyboardExtension.swift */; };
		88E9797E2ABDD2F900547761 /* UIApplicationExtension.swift in Sources */ = {isa = PBXBuildFile; fileRef = 88E979232ABDD2F900547761 /* UIApplicationExtension.swift */; };
		88E9797F2ABDD2F900547761 /* ImageExtension.swift in Sources */ = {isa = PBXBuildFile; fileRef = 88E979242ABDD2F900547761 /* ImageExtension.swift */; };
		88E979802ABDD2F900547761 /* UrlExtension.swift in Sources */ = {isa = PBXBuildFile; fileRef = 88E979252ABDD2F900547761 /* UrlExtension.swift */; };
		88E979812ABDD2F900547761 /* PlaceHolderExtension.swift in Sources */ = {isa = PBXBuildFile; fileRef = 88E979262ABDD2F900547761 /* PlaceHolderExtension.swift */; };
		88E979822ABDD2F900547761 /* ViewExtension.swift in Sources */ = {isa = PBXBuildFile; fileRef = 88E979272ABDD2F900547761 /* ViewExtension.swift */; };
		88E979832ABDD2F900547761 /* ColorExtension.swift in Sources */ = {isa = PBXBuildFile; fileRef = 88E979282ABDD2F900547761 /* ColorExtension.swift */; };
		88E979842ABDD2F900547761 /* BindingExtension.swift in Sources */ = {isa = PBXBuildFile; fileRef = 88E979292ABDD2F900547761 /* BindingExtension.swift */; };
		88E979852ABDD2F900547761 /* StringExtension.swift in Sources */ = {isa = PBXBuildFile; fileRef = 88E9792A2ABDD2F900547761 /* StringExtension.swift */; };
		88E979862ABDD2F900547761 /* ExpandableTextExtension.swift in Sources */ = {isa = PBXBuildFile; fileRef = 88E9792B2ABDD2F900547761 /* ExpandableTextExtension.swift */; };
		88E979872ABDD2F900547761 /* DictionaryExtension.swift in Sources */ = {isa = PBXBuildFile; fileRef = 88E9792C2ABDD2F900547761 /* DictionaryExtension.swift */; };
		88E979892ABDD2F900547761 /* TextModifier.swift in Sources */ = {isa = PBXBuildFile; fileRef = 88E9792F2ABDD2F900547761 /* TextModifier.swift */; };
		88E9798A2ABDD2F900547761 /* ViewDidLoadModifier.swift in Sources */ = {isa = PBXBuildFile; fileRef = 88E979302ABDD2F900547761 /* ViewDidLoadModifier.swift */; };
		88E9798B2ABDD2F900547761 /* PaddingModifier.swift in Sources */ = {isa = PBXBuildFile; fileRef = 88E979312ABDD2F900547761 /* PaddingModifier.swift */; };
		88E9798C2ABDD2F900547761 /* RestartAppNotifier.swift in Sources */ = {isa = PBXBuildFile; fileRef = 88E979332ABDD2F900547761 /* RestartAppNotifier.swift */; };
		88E9798F2ABDD2F900547761 /* UserDefaultsWrapper.swift in Sources */ = {isa = PBXBuildFile; fileRef = 88E979372ABDD2F900547761 /* UserDefaultsWrapper.swift */; };
		88E979902ABDD2F900547761 /* APIService.swift in Sources */ = {isa = PBXBuildFile; fileRef = 88E979392ABDD2F900547761 /* APIService.swift */; };
		88E979922ABDD2F900547761 /* FocusField.swift in Sources */ = {isa = PBXBuildFile; fileRef = 88E9793C2ABDD2F900547761 /* FocusField.swift */; };
		88E979932ABDD2F900547761 /* ServiceLocator.swift in Sources */ = {isa = PBXBuildFile; fileRef = 88E9793E2ABDD2F900547761 /* ServiceLocator.swift */; };
		88E979942ABDD2F900547761 /* KeyboardAdaptive.swift in Sources */ = {isa = PBXBuildFile; fileRef = 88E9793F2ABDD2F900547761 /* KeyboardAdaptive.swift */; };
		88E979952ABDD2F900547761 /* ScreenUtil.swift in Sources */ = {isa = PBXBuildFile; fileRef = 88E979402ABDD2F900547761 /* ScreenUtil.swift */; };
		88E9799B2ABDD2F900547761 /* Constantss.swift in Sources */ = {isa = PBXBuildFile; fileRef = 88E979472ABDD2F900547761 /* Constantss.swift */; };
		88E9799C2ABDD2F900547761 /* FilesConstants.swift in Sources */ = {isa = PBXBuildFile; fileRef = 88E979482ABDD2F900547761 /* FilesConstants.swift */; };
		88E9799D2ABDD2F900547761 /* UrlConstants.swift in Sources */ = {isa = PBXBuildFile; fileRef = 88E979492ABDD2F900547761 /* UrlConstants.swift */; };
		88E9799F2ABDD2F900547761 /* CustomError.swift in Sources */ = {isa = PBXBuildFile; fileRef = 88E9794C2ABDD2F900547761 /* CustomError.swift */; };
		88E979A02ABDD2F900547761 /* BaseModel.swift in Sources */ = {isa = PBXBuildFile; fileRef = 88E9794E2ABDD2F900547761 /* BaseModel.swift */; };
		88E979A12ABDD2F900547761 /* BaseViewModel.swift in Sources */ = {isa = PBXBuildFile; fileRef = 88E9794F2ABDD2F900547761 /* BaseViewModel.swift */; };
		88E979A22ABDD2F900547761 /* BaseParam.swift in Sources */ = {isa = PBXBuildFile; fileRef = 88E979502ABDD2F900547761 /* BaseParam.swift */; };
		88E979A52ABDD6DB00547761 /* CachedAsyncImage in Frameworks */ = {isa = PBXBuildFile; productRef = 88E979A42ABDD6DB00547761 /* CachedAsyncImage */; };
		88E97A902ABDD85A00547761 /* HomeDataSrouce.swift in Sources */ = {isa = PBXBuildFile; fileRef = 88E979AA2ABDD85800547761 /* HomeDataSrouce.swift */; };
		88E97A912ABDD85A00547761 /* HomeRemoteDataSrouce.swift in Sources */ = {isa = PBXBuildFile; fileRef = 88E979AB2ABDD85800547761 /* HomeRemoteDataSrouce.swift */; };
		88E97A922ABDD85A00547761 /* HomeRepository.swift in Sources */ = {isa = PBXBuildFile; fileRef = 88E979AD2ABDD85800547761 /* HomeRepository.swift */; };
		88E97AA22ABDD85A00547761 /* HomeScreen.swift in Sources */ = {isa = PBXBuildFile; fileRef = 88E979C12ABDD85800547761 /* HomeScreen.swift */; };
		88E97AB02ABDD85A00547761 /* HomeState.swift in Sources */ = {isa = PBXBuildFile; fileRef = 88E979D12ABDD85800547761 /* HomeState.swift */; };
		88E97AB12ABDD85A00547761 /* HomeEvent.swift in Sources */ = {isa = PBXBuildFile; fileRef = 88E979D22ABDD85800547761 /* HomeEvent.swift */; };
		88E97AB22ABDD85A00547761 /* HomeViewModel.swift in Sources */ = {isa = PBXBuildFile; fileRef = 88E979D32ABDD85800547761 /* HomeViewModel.swift */; };
		88E97B442ABDDAE200547761 /* CountriesModel.swift in Sources */ = {isa = PBXBuildFile; fileRef = 88E97B422ABDDAE200547761 /* CountriesModel.swift */; };
		88E97B452ABDDAE200547761 /* CitiesModel.swift in Sources */ = {isa = PBXBuildFile; fileRef = 88E97B432ABDDAE200547761 /* CitiesModel.swift */; };
		88E97B472ABDDAF700547761 /* GetCitiesParam.swift in Sources */ = {isa = PBXBuildFile; fileRef = 88E97B462ABDDAF700547761 /* GetCitiesParam.swift */; };
		88E97C3D2ABDDC4100547761 /* Glory-VariableFont_wght.ttf in Resources */ = {isa = PBXBuildFile; fileRef = 88E97BBC2ABDDC4000547761 /* Glory-VariableFont_wght.ttf */; };
		88E97C3E2ABDDC4100547761 /* Glory-SemiBold.ttf in Resources */ = {isa = PBXBuildFile; fileRef = 88E97BBD2ABDDC4000547761 /* Glory-SemiBold.ttf */; };
		88E97C3F2ABDDC4100547761 /* Glory-SemiBoldItalic.ttf in Resources */ = {isa = PBXBuildFile; fileRef = 88E97BBE2ABDDC4000547761 /* Glory-SemiBoldItalic.ttf */; };
		88E97C402ABDDC4100547761 /* Glory-Regular.ttf in Resources */ = {isa = PBXBuildFile; fileRef = 88E97BBF2ABDDC4000547761 /* Glory-Regular.ttf */; };
		88E97C412ABDDC4100547761 /* Glory-Medium.ttf in Resources */ = {isa = PBXBuildFile; fileRef = 88E97BC02ABDDC4000547761 /* Glory-Medium.ttf */; };
		88E97C422ABDDC4100547761 /* Glory-LightItalic.ttf in Resources */ = {isa = PBXBuildFile; fileRef = 88E97BC12ABDDC4000547761 /* Glory-LightItalic.ttf */; };
		88E97C432ABDDC4100547761 /* Glory-Italic-VariableFont_wght.ttf in Resources */ = {isa = PBXBuildFile; fileRef = 88E97BC22ABDDC4000547761 /* Glory-Italic-VariableFont_wght.ttf */; };
		88E97C442ABDDC4100547761 /* Glory-BoldItalic.ttf in Resources */ = {isa = PBXBuildFile; fileRef = 88E97BC32ABDDC4000547761 /* Glory-BoldItalic.ttf */; };
		88E97C452ABDDC4100547761 /* Glory-ThinItalic.ttf in Resources */ = {isa = PBXBuildFile; fileRef = 88E97BC42ABDDC4000547761 /* Glory-ThinItalic.ttf */; };
		88E97C462ABDDC4100547761 /* Glory-ExtraLight.ttf in Resources */ = {isa = PBXBuildFile; fileRef = 88E97BC52ABDDC4000547761 /* Glory-ExtraLight.ttf */; };
		88E97C472ABDDC4100547761 /* Glory-Light.ttf in Resources */ = {isa = PBXBuildFile; fileRef = 88E97BC62ABDDC4000547761 /* Glory-Light.ttf */; };
		88E97C482ABDDC4100547761 /* Glory-Thin.ttf in Resources */ = {isa = PBXBuildFile; fileRef = 88E97BC72ABDDC4000547761 /* Glory-Thin.ttf */; };
		88E97C492ABDDC4100547761 /* Glory-MediumItalic.ttf in Resources */ = {isa = PBXBuildFile; fileRef = 88E97BC82ABDDC4000547761 /* Glory-MediumItalic.ttf */; };
		88E97C4A2ABDDC4100547761 /* Glory-Italic.ttf in Resources */ = {isa = PBXBuildFile; fileRef = 88E97BC92ABDDC4000547761 /* Glory-Italic.ttf */; };
		88E97C4B2ABDDC4100547761 /* Glory-Bold.ttf in Resources */ = {isa = PBXBuildFile; fileRef = 88E97BCA2ABDDC4000547761 /* Glory-Bold.ttf */; };
		88E97C4C2ABDDC4100547761 /* Glory-ExtraBold.ttf in Resources */ = {isa = PBXBuildFile; fileRef = 88E97BCB2ABDDC4000547761 /* Glory-ExtraBold.ttf */; };
		88E97C4D2ABDDC4100547761 /* Glory-ExtraBoldItalic.ttf in Resources */ = {isa = PBXBuildFile; fileRef = 88E97BCC2ABDDC4000547761 /* Glory-ExtraBoldItalic.ttf */; };
		88E97C4E2ABDDC4100547761 /* Glory-ExtraLightItalic.ttf in Resources */ = {isa = PBXBuildFile; fileRef = 88E97BCD2ABDDC4000547761 /* Glory-ExtraLightItalic.ttf */; };
		88E97C502ABDDC8A00547761 /* FontExtension.swift in Sources */ = {isa = PBXBuildFile; fileRef = 88E97C4F2ABDDC8A00547761 /* FontExtension.swift */; };
		88E97C522ABDDCF700547761 /* LineShape.swift in Sources */ = {isa = PBXBuildFile; fileRef = 88E97C512ABDDCF700547761 /* LineShape.swift */; };
/* End PBXBuildFile section */

/* Begin PBXContainerItemProxy section */
		88E978D32ABDD10B00547761 /* PBXContainerItemProxy */ = {
			isa = PBXContainerItemProxy;
			containerPortal = 88E978BA2ABDD10700547761 /* Project object */;
			proxyType = 1;
			remoteGlobalIDString = 88E978C12ABDD10700547761;
			remoteInfo = Starter;
		};
		88E978DD2ABDD10B00547761 /* PBXContainerItemProxy */ = {
			isa = PBXContainerItemProxy;
			containerPortal = 88E978BA2ABDD10700547761 /* Project object */;
			proxyType = 1;
			remoteGlobalIDString = 88E978C12ABDD10700547761;
			remoteInfo = Starter;
		};
/* End PBXContainerItemProxy section */

/* Begin PBXFileReference section */
		88E978C22ABDD10800547761 /* Starter.app */ = {isa = PBXFileReference; explicitFileType = wrapper.application; includeInIndex = 0; path = Starter.app; sourceTree = BUILT_PRODUCTS_DIR; };
		88E978C52ABDD10800547761 /* StarterApp.swift */ = {isa = PBXFileReference; lastKnownFileType = sourcecode.swift; path = StarterApp.swift; sourceTree = "<group>"; };
		88E978C92ABDD10B00547761 /* Assets.xcassets */ = {isa = PBXFileReference; lastKnownFileType = folder.assetcatalog; path = Assets.xcassets; sourceTree = "<group>"; };
		88E978CC2ABDD10B00547761 /* Preview Assets.xcassets */ = {isa = PBXFileReference; lastKnownFileType = folder.assetcatalog; path = "Preview Assets.xcassets"; sourceTree = "<group>"; };
		88E978D22ABDD10B00547761 /* StarterTests.xctest */ = {isa = PBXFileReference; explicitFileType = wrapper.cfbundle; includeInIndex = 0; path = StarterTests.xctest; sourceTree = BUILT_PRODUCTS_DIR; };
		88E978D62ABDD10B00547761 /* StarterTests.swift */ = {isa = PBXFileReference; lastKnownFileType = sourcecode.swift; path = StarterTests.swift; sourceTree = "<group>"; };
		88E978DC2ABDD10B00547761 /* StarterUITests.xctest */ = {isa = PBXFileReference; explicitFileType = wrapper.cfbundle; includeInIndex = 0; path = StarterUITests.xctest; sourceTree = BUILT_PRODUCTS_DIR; };
		88E978E02ABDD10B00547761 /* StarterUITests.swift */ = {isa = PBXFileReference; lastKnownFileType = sourcecode.swift; path = StarterUITests.swift; sourceTree = "<group>"; };
		88E978E22ABDD10B00547761 /* StarterUITestsLaunchTests.swift */ = {isa = PBXFileReference; lastKnownFileType = sourcecode.swift; path = StarterUITestsLaunchTests.swift; sourceTree = "<group>"; };
		88E978F22ABDD28300547761 /* Info.plist */ = {isa = PBXFileReference; lastKnownFileType = text.plist; path = Info.plist; sourceTree = "<group>"; };
		88E978F72ABDD2F900547761 /* RoundedCorner.swift */ = {isa = PBXFileReference; fileEncoding = 4; lastKnownFileType = sourcecode.swift; path = RoundedCorner.swift; sourceTree = "<group>"; };
		88E978F82ABDD2F900547761 /* FadeInNetworkImage.swift */ = {isa = PBXFileReference; fileEncoding = 4; lastKnownFileType = sourcecode.swift; path = FadeInNetworkImage.swift; sourceTree = "<group>"; };
		88E978FA2ABDD2F900547761 /* OutlinedButton.swift */ = {isa = PBXFileReference; fileEncoding = 4; lastKnownFileType = sourcecode.swift; path = OutlinedButton.swift; sourceTree = "<group>"; };
		88E978FB2ABDD2F900547761 /* SearchView.swift */ = {isa = PBXFileReference; fileEncoding = 4; lastKnownFileType = sourcecode.swift; path = SearchView.swift; sourceTree = "<group>"; };
		88E979002ABDD2F900547761 /* ModalProgress.swift */ = {isa = PBXFileReference; fileEncoding = 4; lastKnownFileType = sourcecode.swift; path = ModalProgress.swift; sourceTree = "<group>"; };
		88E979032ABDD2F900547761 /* CustomButton.swift */ = {isa = PBXFileReference; fileEncoding = 4; lastKnownFileType = sourcecode.swift; path = CustomButton.swift; sourceTree = "<group>"; };
		88E979042ABDD2F900547761 /* ExpandableText.swift */ = {isa = PBXFileReference; fileEncoding = 4; lastKnownFileType = sourcecode.swift; path = ExpandableText.swift; sourceTree = "<group>"; };
		88E979052ABDD2F900547761 /* CustomSegmentedControl.swift */ = {isa = PBXFileReference; fileEncoding = 4; lastKnownFileType = sourcecode.swift; path = CustomSegmentedControl.swift; sourceTree = "<group>"; };
		88E979062ABDD2F900547761 /* CustomDropDown.swift */ = {isa = PBXFileReference; fileEncoding = 4; lastKnownFileType = sourcecode.swift; path = CustomDropDown.swift; sourceTree = "<group>"; };
		88E9790E2ABDD2F900547761 /* CustomTextField.swift */ = {isa = PBXFileReference; fileEncoding = 4; lastKnownFileType = sourcecode.swift; path = CustomTextField.swift; sourceTree = "<group>"; };
		88E979152ABDD2F900547761 /* CommonButtons.swift */ = {isa = PBXFileReference; fileEncoding = 4; lastKnownFileType = sourcecode.swift; path = CommonButtons.swift; sourceTree = "<group>"; };
		88E979182ABDD2F900547761 /* TransitionView.swift */ = {isa = PBXFileReference; fileEncoding = 4; lastKnownFileType = sourcecode.swift; path = TransitionView.swift; sourceTree = "<group>"; };
		88E979192ABDD2F900547761 /* LoadingView.swift */ = {isa = PBXFileReference; fileEncoding = 4; lastKnownFileType = sourcecode.swift; path = LoadingView.swift; sourceTree = "<group>"; };
		88E9791A2ABDD2F900547761 /* CustomErrorView.swift */ = {isa = PBXFileReference; fileEncoding = 4; lastKnownFileType = sourcecode.swift; path = CustomErrorView.swift; sourceTree = "<group>"; };
		88E9791B2ABDD2F900547761 /* CustomSheet.swift */ = {isa = PBXFileReference; fileEncoding = 4; lastKnownFileType = sourcecode.swift; path = CustomSheet.swift; sourceTree = "<group>"; };
		88E9791F2ABDD2F900547761 /* UserDefaultsExtensions.swift */ = {isa = PBXFileReference; fileEncoding = 4; lastKnownFileType = sourcecode.swift; path = UserDefaultsExtensions.swift; sourceTree = "<group>"; };
		88E979212ABDD2F900547761 /* ArrayExtension.swift */ = {isa = PBXFileReference; fileEncoding = 4; lastKnownFileType = sourcecode.swift; path = ArrayExtension.swift; sourceTree = "<group>"; };
		88E979222ABDD2F900547761 /* KeyboardExtension.swift */ = {isa = PBXFileReference; fileEncoding = 4; lastKnownFileType = sourcecode.swift; path = KeyboardExtension.swift; sourceTree = "<group>"; };
		88E979232ABDD2F900547761 /* UIApplicationExtension.swift */ = {isa = PBXFileReference; fileEncoding = 4; lastKnownFileType = sourcecode.swift; path = UIApplicationExtension.swift; sourceTree = "<group>"; };
		88E979242ABDD2F900547761 /* ImageExtension.swift */ = {isa = PBXFileReference; fileEncoding = 4; lastKnownFileType = sourcecode.swift; path = ImageExtension.swift; sourceTree = "<group>"; };
		88E979252ABDD2F900547761 /* UrlExtension.swift */ = {isa = PBXFileReference; fileEncoding = 4; lastKnownFileType = sourcecode.swift; path = UrlExtension.swift; sourceTree = "<group>"; };
		88E979262ABDD2F900547761 /* PlaceHolderExtension.swift */ = {isa = PBXFileReference; fileEncoding = 4; lastKnownFileType = sourcecode.swift; path = PlaceHolderExtension.swift; sourceTree = "<group>"; };
		88E979272ABDD2F900547761 /* ViewExtension.swift */ = {isa = PBXFileReference; fileEncoding = 4; lastKnownFileType = sourcecode.swift; path = ViewExtension.swift; sourceTree = "<group>"; };
		88E979282ABDD2F900547761 /* ColorExtension.swift */ = {isa = PBXFileReference; fileEncoding = 4; lastKnownFileType = sourcecode.swift; path = ColorExtension.swift; sourceTree = "<group>"; };
		88E979292ABDD2F900547761 /* BindingExtension.swift */ = {isa = PBXFileReference; fileEncoding = 4; lastKnownFileType = sourcecode.swift; path = BindingExtension.swift; sourceTree = "<group>"; };
		88E9792A2ABDD2F900547761 /* StringExtension.swift */ = {isa = PBXFileReference; fileEncoding = 4; lastKnownFileType = sourcecode.swift; path = StringExtension.swift; sourceTree = "<group>"; };
		88E9792B2ABDD2F900547761 /* ExpandableTextExtension.swift */ = {isa = PBXFileReference; fileEncoding = 4; lastKnownFileType = sourcecode.swift; path = ExpandableTextExtension.swift; sourceTree = "<group>"; };
		88E9792C2ABDD2F900547761 /* DictionaryExtension.swift */ = {isa = PBXFileReference; fileEncoding = 4; lastKnownFileType = sourcecode.swift; path = DictionaryExtension.swift; sourceTree = "<group>"; };
		88E9792F2ABDD2F900547761 /* TextModifier.swift */ = {isa = PBXFileReference; fileEncoding = 4; lastKnownFileType = sourcecode.swift; path = TextModifier.swift; sourceTree = "<group>"; };
		88E979302ABDD2F900547761 /* ViewDidLoadModifier.swift */ = {isa = PBXFileReference; fileEncoding = 4; lastKnownFileType = sourcecode.swift; path = ViewDidLoadModifier.swift; sourceTree = "<group>"; };
		88E979312ABDD2F900547761 /* PaddingModifier.swift */ = {isa = PBXFileReference; fileEncoding = 4; lastKnownFileType = sourcecode.swift; path = PaddingModifier.swift; sourceTree = "<group>"; };
		88E979332ABDD2F900547761 /* RestartAppNotifier.swift */ = {isa = PBXFileReference; fileEncoding = 4; lastKnownFileType = sourcecode.swift; path = RestartAppNotifier.swift; sourceTree = "<group>"; };
		88E979372ABDD2F900547761 /* UserDefaultsWrapper.swift */ = {isa = PBXFileReference; fileEncoding = 4; lastKnownFileType = sourcecode.swift; path = UserDefaultsWrapper.swift; sourceTree = "<group>"; };
		88E979392ABDD2F900547761 /* APIService.swift */ = {isa = PBXFileReference; fileEncoding = 4; lastKnownFileType = sourcecode.swift; path = APIService.swift; sourceTree = "<group>"; };
		88E9793C2ABDD2F900547761 /* FocusField.swift */ = {isa = PBXFileReference; fileEncoding = 4; lastKnownFileType = sourcecode.swift; path = FocusField.swift; sourceTree = "<group>"; };
		88E9793E2ABDD2F900547761 /* ServiceLocator.swift */ = {isa = PBXFileReference; fileEncoding = 4; lastKnownFileType = sourcecode.swift; path = ServiceLocator.swift; sourceTree = "<group>"; };
		88E9793F2ABDD2F900547761 /* KeyboardAdaptive.swift */ = {isa = PBXFileReference; fileEncoding = 4; lastKnownFileType = sourcecode.swift; path = KeyboardAdaptive.swift; sourceTree = "<group>"; };
		88E979402ABDD2F900547761 /* ScreenUtil.swift */ = {isa = PBXFileReference; fileEncoding = 4; lastKnownFileType = sourcecode.swift; path = ScreenUtil.swift; sourceTree = "<group>"; };
		88E979472ABDD2F900547761 /* Constantss.swift */ = {isa = PBXFileReference; fileEncoding = 4; lastKnownFileType = sourcecode.swift; path = Constantss.swift; sourceTree = "<group>"; };
		88E979482ABDD2F900547761 /* FilesConstants.swift */ = {isa = PBXFileReference; fileEncoding = 4; lastKnownFileType = sourcecode.swift; path = FilesConstants.swift; sourceTree = "<group>"; };
		88E979492ABDD2F900547761 /* UrlConstants.swift */ = {isa = PBXFileReference; fileEncoding = 4; lastKnownFileType = sourcecode.swift; path = UrlConstants.swift; sourceTree = "<group>"; };
		88E9794C2ABDD2F900547761 /* CustomError.swift */ = {isa = PBXFileReference; fileEncoding = 4; lastKnownFileType = sourcecode.swift; path = CustomError.swift; sourceTree = "<group>"; };
		88E9794E2ABDD2F900547761 /* BaseModel.swift */ = {isa = PBXFileReference; fileEncoding = 4; lastKnownFileType = sourcecode.swift; path = BaseModel.swift; sourceTree = "<group>"; };
		88E9794F2ABDD2F900547761 /* BaseViewModel.swift */ = {isa = PBXFileReference; fileEncoding = 4; lastKnownFileType = sourcecode.swift; path = BaseViewModel.swift; sourceTree = "<group>"; };
		88E979502ABDD2F900547761 /* BaseParam.swift */ = {isa = PBXFileReference; fileEncoding = 4; lastKnownFileType = sourcecode.swift; path = BaseParam.swift; sourceTree = "<group>"; };
		88E979AA2ABDD85800547761 /* HomeDataSrouce.swift */ = {isa = PBXFileReference; fileEncoding = 4; lastKnownFileType = sourcecode.swift; path = HomeDataSrouce.swift; sourceTree = "<group>"; };
		88E979AB2ABDD85800547761 /* HomeRemoteDataSrouce.swift */ = {isa = PBXFileReference; fileEncoding = 4; lastKnownFileType = sourcecode.swift; path = HomeRemoteDataSrouce.swift; sourceTree = "<group>"; };
		88E979AD2ABDD85800547761 /* HomeRepository.swift */ = {isa = PBXFileReference; fileEncoding = 4; lastKnownFileType = sourcecode.swift; path = HomeRepository.swift; sourceTree = "<group>"; };
		88E979C12ABDD85800547761 /* HomeScreen.swift */ = {isa = PBXFileReference; fileEncoding = 4; lastKnownFileType = sourcecode.swift; path = HomeScreen.swift; sourceTree = "<group>"; };
		88E979D12ABDD85800547761 /* HomeState.swift */ = {isa = PBXFileReference; fileEncoding = 4; lastKnownFileType = sourcecode.swift; path = HomeState.swift; sourceTree = "<group>"; };
		88E979D22ABDD85800547761 /* HomeEvent.swift */ = {isa = PBXFileReference; fileEncoding = 4; lastKnownFileType = sourcecode.swift; path = HomeEvent.swift; sourceTree = "<group>"; };
		88E979D32ABDD85800547761 /* HomeViewModel.swift */ = {isa = PBXFileReference; fileEncoding = 4; lastKnownFileType = sourcecode.swift; path = HomeViewModel.swift; sourceTree = "<group>"; };
		88E97B422ABDDAE200547761 /* CountriesModel.swift */ = {isa = PBXFileReference; fileEncoding = 4; lastKnownFileType = sourcecode.swift; path = CountriesModel.swift; sourceTree = "<group>"; };
		88E97B432ABDDAE200547761 /* CitiesModel.swift */ = {isa = PBXFileReference; fileEncoding = 4; lastKnownFileType = sourcecode.swift; path = CitiesModel.swift; sourceTree = "<group>"; };
		88E97B462ABDDAF700547761 /* GetCitiesParam.swift */ = {isa = PBXFileReference; fileEncoding = 4; lastKnownFileType = sourcecode.swift; path = GetCitiesParam.swift; sourceTree = "<group>"; };
		88E97BBC2ABDDC4000547761 /* Glory-VariableFont_wght.ttf */ = {isa = PBXFileReference; lastKnownFileType = file; path = "Glory-VariableFont_wght.ttf"; sourceTree = "<group>"; };
		88E97BBD2ABDDC4000547761 /* Glory-SemiBold.ttf */ = {isa = PBXFileReference; lastKnownFileType = file; path = "Glory-SemiBold.ttf"; sourceTree = "<group>"; };
		88E97BBE2ABDDC4000547761 /* Glory-SemiBoldItalic.ttf */ = {isa = PBXFileReference; lastKnownFileType = file; path = "Glory-SemiBoldItalic.ttf"; sourceTree = "<group>"; };
		88E97BBF2ABDDC4000547761 /* Glory-Regular.ttf */ = {isa = PBXFileReference; lastKnownFileType = file; path = "Glory-Regular.ttf"; sourceTree = "<group>"; };
		88E97BC02ABDDC4000547761 /* Glory-Medium.ttf */ = {isa = PBXFileReference; lastKnownFileType = file; path = "Glory-Medium.ttf"; sourceTree = "<group>"; };
		88E97BC12ABDDC4000547761 /* Glory-LightItalic.ttf */ = {isa = PBXFileReference; lastKnownFileType = file; path = "Glory-LightItalic.ttf"; sourceTree = "<group>"; };
		88E97BC22ABDDC4000547761 /* Glory-Italic-VariableFont_wght.ttf */ = {isa = PBXFileReference; lastKnownFileType = file; path = "Glory-Italic-VariableFont_wght.ttf"; sourceTree = "<group>"; };
		88E97BC32ABDDC4000547761 /* Glory-BoldItalic.ttf */ = {isa = PBXFileReference; lastKnownFileType = file; path = "Glory-BoldItalic.ttf"; sourceTree = "<group>"; };
		88E97BC42ABDDC4000547761 /* Glory-ThinItalic.ttf */ = {isa = PBXFileReference; lastKnownFileType = file; path = "Glory-ThinItalic.ttf"; sourceTree = "<group>"; };
		88E97BC52ABDDC4000547761 /* Glory-ExtraLight.ttf */ = {isa = PBXFileReference; lastKnownFileType = file; path = "Glory-ExtraLight.ttf"; sourceTree = "<group>"; };
		88E97BC62ABDDC4000547761 /* Glory-Light.ttf */ = {isa = PBXFileReference; lastKnownFileType = file; path = "Glory-Light.ttf"; sourceTree = "<group>"; };
		88E97BC72ABDDC4000547761 /* Glory-Thin.ttf */ = {isa = PBXFileReference; lastKnownFileType = file; path = "Glory-Thin.ttf"; sourceTree = "<group>"; };
		88E97BC82ABDDC4000547761 /* Glory-MediumItalic.ttf */ = {isa = PBXFileReference; lastKnownFileType = file; path = "Glory-MediumItalic.ttf"; sourceTree = "<group>"; };
		88E97BC92ABDDC4000547761 /* Glory-Italic.ttf */ = {isa = PBXFileReference; lastKnownFileType = file; path = "Glory-Italic.ttf"; sourceTree = "<group>"; };
		88E97BCA2ABDDC4000547761 /* Glory-Bold.ttf */ = {isa = PBXFileReference; lastKnownFileType = file; path = "Glory-Bold.ttf"; sourceTree = "<group>"; };
		88E97BCB2ABDDC4000547761 /* Glory-ExtraBold.ttf */ = {isa = PBXFileReference; lastKnownFileType = file; path = "Glory-ExtraBold.ttf"; sourceTree = "<group>"; };
		88E97BCC2ABDDC4000547761 /* Glory-ExtraBoldItalic.ttf */ = {isa = PBXFileReference; lastKnownFileType = file; path = "Glory-ExtraBoldItalic.ttf"; sourceTree = "<group>"; };
		88E97BCD2ABDDC4000547761 /* Glory-ExtraLightItalic.ttf */ = {isa = PBXFileReference; lastKnownFileType = file; path = "Glory-ExtraLightItalic.ttf"; sourceTree = "<group>"; };
		88E97C4F2ABDDC8A00547761 /* FontExtension.swift */ = {isa = PBXFileReference; fileEncoding = 4; lastKnownFileType = sourcecode.swift; path = FontExtension.swift; sourceTree = "<group>"; };
		88E97C512ABDDCF700547761 /* LineShape.swift */ = {isa = PBXFileReference; fileEncoding = 4; lastKnownFileType = sourcecode.swift; path = LineShape.swift; sourceTree = "<group>"; };
/* End PBXFileReference section */

/* Begin PBXFrameworksBuildPhase section */
		88E978BF2ABDD10700547761 /* Frameworks */ = {
			isa = PBXFrameworksBuildPhase;
			buildActionMask = 2147483647;
			files = (
				88E978F12ABDD1C200547761 /* Alamofire in Frameworks */,
				88E979A52ABDD6DB00547761 /* CachedAsyncImage in Frameworks */,
			);
			runOnlyForDeploymentPostprocessing = 0;
		};
		88E978CF2ABDD10B00547761 /* Frameworks */ = {
			isa = PBXFrameworksBuildPhase;
			buildActionMask = 2147483647;
			files = (
			);
			runOnlyForDeploymentPostprocessing = 0;
		};
		88E978D92ABDD10B00547761 /* Frameworks */ = {
			isa = PBXFrameworksBuildPhase;
			buildActionMask = 2147483647;
			files = (
			);
			runOnlyForDeploymentPostprocessing = 0;
		};
/* End PBXFrameworksBuildPhase section */

/* Begin PBXGroup section */
		88E978B92ABDD10700547761 = {
			isa = PBXGroup;
			children = (
				88E978C42ABDD10800547761 /* Starter */,
				88E978D52ABDD10B00547761 /* StarterTests */,
				88E978DF2ABDD10B00547761 /* StarterUITests */,
				88E978C32ABDD10800547761 /* Products */,
			);
			sourceTree = "<group>";
		};
		88E978C32ABDD10800547761 /* Products */ = {
			isa = PBXGroup;
			children = (
				88E978C22ABDD10800547761 /* Starter.app */,
				88E978D22ABDD10B00547761 /* StarterTests.xctest */,
				88E978DC2ABDD10B00547761 /* StarterUITests.xctest */,
			);
			name = Products;
			sourceTree = "<group>";
		};
		88E978C42ABDD10800547761 /* Starter */ = {
			isa = PBXGroup;
			children = (
				88E978C52ABDD10800547761 /* StarterApp.swift */,
				88E978F22ABDD28300547761 /* Info.plist */,
				88E97B482ABDDC4000547761 /* Assets */,
				88E979A62ABDD85800547761 /* Modules */,
				88E978F32ABDD2F900547761 /* Core */,
				88E978C92ABDD10B00547761 /* Assets.xcassets */,
				88E978CB2ABDD10B00547761 /* Preview Content */,
			);
			path = Starter;
			sourceTree = "<group>";
		};
		88E978CB2ABDD10B00547761 /* Preview Content */ = {
			isa = PBXGroup;
			children = (
				88E978CC2ABDD10B00547761 /* Preview Assets.xcassets */,
			);
			path = "Preview Content";
			sourceTree = "<group>";
		};
		88E978D52ABDD10B00547761 /* StarterTests */ = {
			isa = PBXGroup;
			children = (
				88E978D62ABDD10B00547761 /* StarterTests.swift */,
			);
			path = StarterTests;
			sourceTree = "<group>";
		};
		88E978DF2ABDD10B00547761 /* StarterUITests */ = {
			isa = PBXGroup;
			children = (
				88E978E02ABDD10B00547761 /* StarterUITests.swift */,
				88E978E22ABDD10B00547761 /* StarterUITestsLaunchTests.swift */,
			);
			path = StarterUITests;
			sourceTree = "<group>";
		};
		88E978F32ABDD2F900547761 /* Core */ = {
			isa = PBXGroup;
			children = (
				88E978F42ABDD2F900547761 /* Ui */,
				88E9791C2ABDD2F900547761 /* Extension */,
				88E9792E2ABDD2F900547761 /* Modifier */,
				88E979322ABDD2F900547761 /* Notifier */,
				88E979362ABDD2F900547761 /* PorpertyWrappers */,
				88E979382ABDD2F900547761 /* Networking */,
				88E9793A2ABDD2F900547761 /* Enum */,
				88E9793D2ABDD2F900547761 /* Utilities */,
				88E979462ABDD2F900547761 /* Common */,
				88E9794A2ABDD2F900547761 /* Error */,
				88E9794D2ABDD2F900547761 /* Base */,
			);
			path = Core;
			sourceTree = "<group>";
		};
		88E978F42ABDD2F900547761 /* Ui */ = {
			isa = PBXGroup;
			children = (
				88E97C512ABDDCF700547761 /* LineShape.swift */,
				88E978F72ABDD2F900547761 /* RoundedCorner.swift */,
				88E978F82ABDD2F900547761 /* FadeInNetworkImage.swift */,
				88E978FA2ABDD2F900547761 /* OutlinedButton.swift */,
				88E978FB2ABDD2F900547761 /* SearchView.swift */,
				88E979002ABDD2F900547761 /* ModalProgress.swift */,
				88E979032ABDD2F900547761 /* CustomButton.swift */,
				88E979042ABDD2F900547761 /* ExpandableText.swift */,
				88E979052ABDD2F900547761 /* CustomSegmentedControl.swift */,
				88E979062ABDD2F900547761 /* CustomDropDown.swift */,
				88E9790E2ABDD2F900547761 /* CustomTextField.swift */,
				88E979152ABDD2F900547761 /* CommonButtons.swift */,
				88E979182ABDD2F900547761 /* TransitionView.swift */,
				88E979192ABDD2F900547761 /* LoadingView.swift */,
				88E9791A2ABDD2F900547761 /* CustomErrorView.swift */,
				88E9791B2ABDD2F900547761 /* CustomSheet.swift */,
			);
			path = Ui;
			sourceTree = "<group>";
		};
		88E9791C2ABDD2F900547761 /* Extension */ = {
			isa = PBXGroup;
			children = (
				88E97C4F2ABDDC8A00547761 /* FontExtension.swift */,
				88E9791F2ABDD2F900547761 /* UserDefaultsExtensions.swift */,
				88E979212ABDD2F900547761 /* ArrayExtension.swift */,
				88E979222ABDD2F900547761 /* KeyboardExtension.swift */,
				88E979232ABDD2F900547761 /* UIApplicationExtension.swift */,
				88E979242ABDD2F900547761 /* ImageExtension.swift */,
				88E979252ABDD2F900547761 /* UrlExtension.swift */,
				88E979262ABDD2F900547761 /* PlaceHolderExtension.swift */,
				88E979272ABDD2F900547761 /* ViewExtension.swift */,
				88E979282ABDD2F900547761 /* ColorExtension.swift */,
				88E979292ABDD2F900547761 /* BindingExtension.swift */,
				88E9792A2ABDD2F900547761 /* StringExtension.swift */,
				88E9792B2ABDD2F900547761 /* ExpandableTextExtension.swift */,
				88E9792C2ABDD2F900547761 /* DictionaryExtension.swift */,
			);
			path = Extension;
			sourceTree = "<group>";
		};
		88E9792E2ABDD2F900547761 /* Modifier */ = {
			isa = PBXGroup;
			children = (
				88E9792F2ABDD2F900547761 /* TextModifier.swift */,
				88E979302ABDD2F900547761 /* ViewDidLoadModifier.swift */,
				88E979312ABDD2F900547761 /* PaddingModifier.swift */,
			);
			path = Modifier;
			sourceTree = "<group>";
		};
		88E979322ABDD2F900547761 /* Notifier */ = {
			isa = PBXGroup;
			children = (
				88E979332ABDD2F900547761 /* RestartAppNotifier.swift */,
			);
			path = Notifier;
			sourceTree = "<group>";
		};
		88E979362ABDD2F900547761 /* PorpertyWrappers */ = {
			isa = PBXGroup;
			children = (
				88E979372ABDD2F900547761 /* UserDefaultsWrapper.swift */,
			);
			path = PorpertyWrappers;
			sourceTree = "<group>";
		};
		88E979382ABDD2F900547761 /* Networking */ = {
			isa = PBXGroup;
			children = (
				88E979392ABDD2F900547761 /* APIService.swift */,
			);
			path = Networking;
			sourceTree = "<group>";
		};
		88E9793A2ABDD2F900547761 /* Enum */ = {
			isa = PBXGroup;
			children = (
				88E9793C2ABDD2F900547761 /* FocusField.swift */,
			);
			path = Enum;
			sourceTree = "<group>";
		};
		88E9793D2ABDD2F900547761 /* Utilities */ = {
			isa = PBXGroup;
			children = (
				88E9793E2ABDD2F900547761 /* ServiceLocator.swift */,
				88E9793F2ABDD2F900547761 /* KeyboardAdaptive.swift */,
				88E979402ABDD2F900547761 /* ScreenUtil.swift */,
			);
			path = Utilities;
			sourceTree = "<group>";
		};
		88E979462ABDD2F900547761 /* Common */ = {
			isa = PBXGroup;
			children = (
				88E979472ABDD2F900547761 /* Constantss.swift */,
				88E979482ABDD2F900547761 /* FilesConstants.swift */,
				88E979492ABDD2F900547761 /* UrlConstants.swift */,
			);
			path = Common;
			sourceTree = "<group>";
		};
		88E9794A2ABDD2F900547761 /* Error */ = {
			isa = PBXGroup;
			children = (
				88E9794C2ABDD2F900547761 /* CustomError.swift */,
			);
			path = Error;
			sourceTree = "<group>";
		};
		88E9794D2ABDD2F900547761 /* Base */ = {
			isa = PBXGroup;
			children = (
				88E9794E2ABDD2F900547761 /* BaseModel.swift */,
				88E9794F2ABDD2F900547761 /* BaseViewModel.swift */,
				88E979502ABDD2F900547761 /* BaseParam.swift */,
			);
			path = Base;
			sourceTree = "<group>";
		};
		88E979A62ABDD85800547761 /* Modules */ = {
			isa = PBXGroup;
			children = (
				88E979A72ABDD85800547761 /* Home */,
			);
			path = Modules;
			sourceTree = "<group>";
		};
		88E979A72ABDD85800547761 /* Home */ = {
			isa = PBXGroup;
			children = (
				88E979A82ABDD85800547761 /* Data */,
				88E979BD2ABDD85800547761 /* Presentation */,
			);
			path = Home;
			sourceTree = "<group>";
		};
		88E979A82ABDD85800547761 /* Data */ = {
			isa = PBXGroup;
			children = (
				88E979A92ABDD85800547761 /* Datasource */,
				88E979AC2ABDD85800547761 /* Repository */,
				88E979AE2ABDD85800547761 /* Param */,
				88E979BA2ABDD85800547761 /* Model */,
			);
			path = Data;
			sourceTree = "<group>";
		};
		88E979A92ABDD85800547761 /* Datasource */ = {
			isa = PBXGroup;
			children = (
				88E979AA2ABDD85800547761 /* HomeDataSrouce.swift */,
				88E979AB2ABDD85800547761 /* HomeRemoteDataSrouce.swift */,
			);
			path = Datasource;
			sourceTree = "<group>";
		};
		88E979AC2ABDD85800547761 /* Repository */ = {
			isa = PBXGroup;
			children = (
				88E979AD2ABDD85800547761 /* HomeRepository.swift */,
			);
			path = Repository;
			sourceTree = "<group>";
		};
		88E979AE2ABDD85800547761 /* Param */ = {
			isa = PBXGroup;
			children = (
				88E97B462ABDDAF700547761 /* GetCitiesParam.swift */,
			);
			path = Param;
			sourceTree = "<group>";
		};
		88E979BA2ABDD85800547761 /* Model */ = {
			isa = PBXGroup;
			children = (
				88E97B432ABDDAE200547761 /* CitiesModel.swift */,
				88E97B422ABDDAE200547761 /* CountriesModel.swift */,
			);
			path = Model;
			sourceTree = "<group>";
		};
		88E979BD2ABDD85800547761 /* Presentation */ = {
			isa = PBXGroup;
			children = (
				88E979D02ABDD85800547761 /* ViewModel */,
				88E979BE2ABDD85800547761 /* Screen */,
				88E979C42ABDD85800547761 /* View */,
			);
			path = Presentation;
			sourceTree = "<group>";
		};
		88E979BE2ABDD85800547761 /* Screen */ = {
			isa = PBXGroup;
			children = (
				88E979C12ABDD85800547761 /* HomeScreen.swift */,
			);
			path = Screen;
			sourceTree = "<group>";
		};
		88E979C42ABDD85800547761 /* View */ = {
			isa = PBXGroup;
			children = (
			);
			path = View;
			sourceTree = "<group>";
		};
		88E979D02ABDD85800547761 /* ViewModel */ = {
			isa = PBXGroup;
			children = (
				88E979D12ABDD85800547761 /* HomeState.swift */,
				88E979D22ABDD85800547761 /* HomeEvent.swift */,
				88E979D32ABDD85800547761 /* HomeViewModel.swift */,
			);
			path = ViewModel;
			sourceTree = "<group>";
		};
		88E97B482ABDDC4000547761 /* Assets */ = {
			isa = PBXGroup;
			children = (
				88E97BBA2ABDDC4000547761 /* Font */,
			);
			path = Assets;
			sourceTree = "<group>";
		};
		88E97BBA2ABDDC4000547761 /* Font */ = {
			isa = PBXGroup;
			children = (
				88E97BBB2ABDDC4000547761 /* Glory */,
			);
			path = Font;
			sourceTree = "<group>";
		};
		88E97BBB2ABDDC4000547761 /* Glory */ = {
			isa = PBXGroup;
			children = (
				88E97BBC2ABDDC4000547761 /* Glory-VariableFont_wght.ttf */,
				88E97BBD2ABDDC4000547761 /* Glory-SemiBold.ttf */,
				88E97BBE2ABDDC4000547761 /* Glory-SemiBoldItalic.ttf */,
				88E97BBF2ABDDC4000547761 /* Glory-Regular.ttf */,
				88E97BC02ABDDC4000547761 /* Glory-Medium.ttf */,
				88E97BC12ABDDC4000547761 /* Glory-LightItalic.ttf */,
				88E97BC22ABDDC4000547761 /* Glory-Italic-VariableFont_wght.ttf */,
				88E97BC32ABDDC4000547761 /* Glory-BoldItalic.ttf */,
				88E97BC42ABDDC4000547761 /* Glory-ThinItalic.ttf */,
				88E97BC52ABDDC4000547761 /* Glory-ExtraLight.ttf */,
				88E97BC62ABDDC4000547761 /* Glory-Light.ttf */,
				88E97BC72ABDDC4000547761 /* Glory-Thin.ttf */,
				88E97BC82ABDDC4000547761 /* Glory-MediumItalic.ttf */,
				88E97BC92ABDDC4000547761 /* Glory-Italic.ttf */,
				88E97BCA2ABDDC4000547761 /* Glory-Bold.ttf */,
				88E97BCB2ABDDC4000547761 /* Glory-ExtraBold.ttf */,
				88E97BCC2ABDDC4000547761 /* Glory-ExtraBoldItalic.ttf */,
				88E97BCD2ABDDC4000547761 /* Glory-ExtraLightItalic.ttf */,
			);
			path = Glory;
			sourceTree = "<group>";
		};
/* End PBXGroup section */

/* Begin PBXNativeTarget section */
		88E978C12ABDD10700547761 /* Starter */ = {
			isa = PBXNativeTarget;
			buildConfigurationList = 88E978E62ABDD10B00547761 /* Build configuration list for PBXNativeTarget "Starter" */;
			buildPhases = (
				88E978BE2ABDD10700547761 /* Sources */,
				88E978BF2ABDD10700547761 /* Frameworks */,
				88E978C02ABDD10700547761 /* Resources */,
			);
			buildRules = (
			);
			dependencies = (
			);
			name = Starter;
			packageProductDependencies = (
				88E978F02ABDD1C200547761 /* Alamofire */,
				88E979A42ABDD6DB00547761 /* CachedAsyncImage */,
			);
			productName = Starter;
			productReference = 88E978C22ABDD10800547761 /* Starter.app */;
			productType = "com.apple.product-type.application";
		};
		88E978D12ABDD10B00547761 /* StarterTests */ = {
			isa = PBXNativeTarget;
			buildConfigurationList = 88E978E92ABDD10B00547761 /* Build configuration list for PBXNativeTarget "StarterTests" */;
			buildPhases = (
				88E978CE2ABDD10B00547761 /* Sources */,
				88E978CF2ABDD10B00547761 /* Frameworks */,
				88E978D02ABDD10B00547761 /* Resources */,
			);
			buildRules = (
			);
			dependencies = (
				88E978D42ABDD10B00547761 /* PBXTargetDependency */,
			);
			name = StarterTests;
			productName = StarterTests;
			productReference = 88E978D22ABDD10B00547761 /* StarterTests.xctest */;
			productType = "com.apple.product-type.bundle.unit-test";
		};
		88E978DB2ABDD10B00547761 /* StarterUITests */ = {
			isa = PBXNativeTarget;
			buildConfigurationList = 88E978EC2ABDD10B00547761 /* Build configuration list for PBXNativeTarget "StarterUITests" */;
			buildPhases = (
				88E978D82ABDD10B00547761 /* Sources */,
				88E978D92ABDD10B00547761 /* Frameworks */,
				88E978DA2ABDD10B00547761 /* Resources */,
			);
			buildRules = (
			);
			dependencies = (
				88E978DE2ABDD10B00547761 /* PBXTargetDependency */,
			);
			name = StarterUITests;
			productName = StarterUITests;
			productReference = 88E978DC2ABDD10B00547761 /* StarterUITests.xctest */;
			productType = "com.apple.product-type.bundle.ui-testing";
		};
/* End PBXNativeTarget section */

/* Begin PBXProject section */
		88E978BA2ABDD10700547761 /* Project object */ = {
			isa = PBXProject;
			attributes = {
				BuildIndependentTargetsInParallel = 1;
				LastSwiftUpdateCheck = 1430;
				LastUpgradeCheck = 1430;
				TargetAttributes = {
					88E978C12ABDD10700547761 = {
						CreatedOnToolsVersion = 14.3;
					};
					88E978D12ABDD10B00547761 = {
						CreatedOnToolsVersion = 14.3;
						TestTargetID = 88E978C12ABDD10700547761;
					};
					88E978DB2ABDD10B00547761 = {
						CreatedOnToolsVersion = 14.3;
						TestTargetID = 88E978C12ABDD10700547761;
					};
				};
			};
			buildConfigurationList = 88E978BD2ABDD10700547761 /* Build configuration list for PBXProject "Starter" */;
			compatibilityVersion = "Xcode 14.0";
			developmentRegion = en;
			hasScannedForEncodings = 0;
			knownRegions = (
				en,
				Base,
			);
			mainGroup = 88E978B92ABDD10700547761;
			packageReferences = (
				88E978EF2ABDD1C100547761 /* XCRemoteSwiftPackageReference "Alamofire" */,
				88E979A32ABDD6DB00547761 /* XCRemoteSwiftPackageReference "swiftui-cached-async-image" */,
			);
			productRefGroup = 88E978C32ABDD10800547761 /* Products */;
			projectDirPath = "";
			projectRoot = "";
			targets = (
				88E978C12ABDD10700547761 /* Starter */,
				88E978D12ABDD10B00547761 /* StarterTests */,
				88E978DB2ABDD10B00547761 /* StarterUITests */,
			);
		};
/* End PBXProject section */

/* Begin PBXResourcesBuildPhase section */
		88E978C02ABDD10700547761 /* Resources */ = {
			isa = PBXResourcesBuildPhase;
			buildActionMask = 2147483647;
			files = (
				88E97C3E2ABDDC4100547761 /* Glory-SemiBold.ttf in Resources */,
				88E97C432ABDDC4100547761 /* Glory-Italic-VariableFont_wght.ttf in Resources */,
				88E97C462ABDDC4100547761 /* Glory-ExtraLight.ttf in Resources */,
				88E97C3D2ABDDC4100547761 /* Glory-VariableFont_wght.ttf in Resources */,
				88E97C4C2ABDDC4100547761 /* Glory-ExtraBold.ttf in Resources */,
				88E97C422ABDDC4100547761 /* Glory-LightItalic.ttf in Resources */,
				88E97C4A2ABDDC4100547761 /* Glory-Italic.ttf in Resources */,
				88E97C412ABDDC4100547761 /* Glory-Medium.ttf in Resources */,
				88E97C492ABDDC4100547761 /* Glory-MediumItalic.ttf in Resources */,
				88E97C4B2ABDDC4100547761 /* Glory-Bold.ttf in Resources */,
				88E97C4D2ABDDC4100547761 /* Glory-ExtraBoldItalic.ttf in Resources */,
				88E978CD2ABDD10B00547761 /* Preview Assets.xcassets in Resources */,
				88E97C472ABDDC4100547761 /* Glory-Light.ttf in Resources */,
				88E97C482ABDDC4100547761 /* Glory-Thin.ttf in Resources */,
				88E97C442ABDDC4100547761 /* Glory-BoldItalic.ttf in Resources */,
				88E978CA2ABDD10B00547761 /* Assets.xcassets in Resources */,
				88E97C4E2ABDDC4100547761 /* Glory-ExtraLightItalic.ttf in Resources */,
				88E97C3F2ABDDC4100547761 /* Glory-SemiBoldItalic.ttf in Resources */,
				88E97C452ABDDC4100547761 /* Glory-ThinItalic.ttf in Resources */,
				88E97C402ABDDC4100547761 /* Glory-Regular.ttf in Resources */,
			);
			runOnlyForDeploymentPostprocessing = 0;
		};
		88E978D02ABDD10B00547761 /* Resources */ = {
			isa = PBXResourcesBuildPhase;
			buildActionMask = 2147483647;
			files = (
			);
			runOnlyForDeploymentPostprocessing = 0;
		};
		88E978DA2ABDD10B00547761 /* Resources */ = {
			isa = PBXResourcesBuildPhase;
			buildActionMask = 2147483647;
			files = (
			);
			runOnlyForDeploymentPostprocessing = 0;
		};
/* End PBXResourcesBuildPhase section */

/* Begin PBXSourcesBuildPhase section */
		88E978BE2ABDD10700547761 /* Sources */ = {
			isa = PBXSourcesBuildPhase;
			buildActionMask = 2147483647;
			files = (
				88E9796A2ABDD2F900547761 /* CustomTextField.swift in Sources */,
				88E97B472ABDDAF700547761 /* GetCitiesParam.swift in Sources */,
				88E979902ABDD2F900547761 /* APIService.swift in Sources */,
				88E9799C2ABDD2F900547761 /* FilesConstants.swift in Sources */,
				88E979612ABDD2F900547761 /* CustomSegmentedControl.swift in Sources */,
				88E9797E2ABDD2F900547761 /* UIApplicationExtension.swift in Sources */,
				88E97C502ABDDC8A00547761 /* FontExtension.swift in Sources */,
				88E979892ABDD2F900547761 /* TextModifier.swift in Sources */,
				88E979942ABDD2F900547761 /* KeyboardAdaptive.swift in Sources */,
				88E979A12ABDD2F900547761 /* BaseViewModel.swift in Sources */,
				88E9799D2ABDD2F900547761 /* UrlConstants.swift in Sources */,
				88E979762ABDD2F900547761 /* CustomErrorView.swift in Sources */,
				88E97B442ABDDAE200547761 /* CountriesModel.swift in Sources */,
				88E9798F2ABDD2F900547761 /* UserDefaultsWrapper.swift in Sources */,
				88E979572ABDD2F900547761 /* SearchView.swift in Sources */,
				88E979622ABDD2F900547761 /* CustomDropDown.swift in Sources */,
				88E9798A2ABDD2F900547761 /* ViewDidLoadModifier.swift in Sources */,
				88E9798B2ABDD2F900547761 /* PaddingModifier.swift in Sources */,
				88E97A922ABDD85A00547761 /* HomeRepository.swift in Sources */,
				88E97C522ABDDCF700547761 /* LineShape.swift in Sources */,
				88E979752ABDD2F900547761 /* LoadingView.swift in Sources */,
				88E979872ABDD2F900547761 /* DictionaryExtension.swift in Sources */,
				88E97B452ABDDAE200547761 /* CitiesModel.swift in Sources */,
				88E97AA22ABDD85A00547761 /* HomeScreen.swift in Sources */,
				88E979842ABDD2F900547761 /* BindingExtension.swift in Sources */,
				88E978C62ABDD10800547761 /* StarterApp.swift in Sources */,
				88E979802ABDD2F900547761 /* UrlExtension.swift in Sources */,
				88E979922ABDD2F900547761 /* FocusField.swift in Sources */,
				88E979772ABDD2F900547761 /* CustomSheet.swift in Sources */,
				88E9795C2ABDD2F900547761 /* ModalProgress.swift in Sources */,
				88E979932ABDD2F900547761 /* ServiceLocator.swift in Sources */,
				88E979532ABDD2F900547761 /* RoundedCorner.swift in Sources */,
				88E9799F2ABDD2F900547761 /* CustomError.swift in Sources */,
				88E9798C2ABDD2F900547761 /* RestartAppNotifier.swift in Sources */,
				88E979862ABDD2F900547761 /* ExpandableTextExtension.swift in Sources */,
				88E9797D2ABDD2F900547761 /* KeyboardExtension.swift in Sources */,
				88E9797F2ABDD2F900547761 /* ImageExtension.swift in Sources */,
				88E97A912ABDD85A00547761 /* HomeRemoteDataSrouce.swift in Sources */,
				88E9795F2ABDD2F900547761 /* CustomButton.swift in Sources */,
				88E9797C2ABDD2F900547761 /* ArrayExtension.swift in Sources */,
				88E979822ABDD2F900547761 /* ViewExtension.swift in Sources */,
				88E979A02ABDD2F900547761 /* BaseModel.swift in Sources */,
				88E979852ABDD2F900547761 /* StringExtension.swift in Sources */,
				88E979602ABDD2F900547761 /* ExpandableText.swift in Sources */,
				88E979542ABDD2F900547761 /* FadeInNetworkImage.swift in Sources */,
				88E979952ABDD2F900547761 /* ScreenUtil.swift in Sources */,
				88E97AB22ABDD85A00547761 /* HomeViewModel.swift in Sources */,
				88E97AB12ABDD85A00547761 /* HomeEvent.swift in Sources */,
				88E9797A2ABDD2F900547761 /* UserDefaultsExtensions.swift in Sources */,
				88E979812ABDD2F900547761 /* PlaceHolderExtension.swift in Sources */,
				88E979712ABDD2F900547761 /* CommonButtons.swift in Sources */,
				88E979A22ABDD2F900547761 /* BaseParam.swift in Sources */,
				88E97A902ABDD85A00547761 /* HomeDataSrouce.swift in Sources */,
				88E9799B2ABDD2F900547761 /* Constantss.swift in Sources */,
				88E979562ABDD2F900547761 /* OutlinedButton.swift in Sources */,
				88E97AB02ABDD85A00547761 /* HomeState.swift in Sources */,
				88E979832ABDD2F900547761 /* ColorExtension.swift in Sources */,
				88E979742ABDD2F900547761 /* TransitionView.swift in Sources */,
			);
			runOnlyForDeploymentPostprocessing = 0;
		};
		88E978CE2ABDD10B00547761 /* Sources */ = {
			isa = PBXSourcesBuildPhase;
			buildActionMask = 2147483647;
			files = (
				88E978D72ABDD10B00547761 /* StarterTests.swift in Sources */,
			);
			runOnlyForDeploymentPostprocessing = 0;
		};
		88E978D82ABDD10B00547761 /* Sources */ = {
			isa = PBXSourcesBuildPhase;
			buildActionMask = 2147483647;
			files = (
				88E978E32ABDD10B00547761 /* StarterUITestsLaunchTests.swift in Sources */,
				88E978E12ABDD10B00547761 /* StarterUITests.swift in Sources */,
			);
			runOnlyForDeploymentPostprocessing = 0;
		};
/* End PBXSourcesBuildPhase section */

/* Begin PBXTargetDependency section */
		88E978D42ABDD10B00547761 /* PBXTargetDependency */ = {
			isa = PBXTargetDependency;
			target = 88E978C12ABDD10700547761 /* Starter */;
			targetProxy = 88E978D32ABDD10B00547761 /* PBXContainerItemProxy */;
		};
		88E978DE2ABDD10B00547761 /* PBXTargetDependency */ = {
			isa = PBXTargetDependency;
			target = 88E978C12ABDD10700547761 /* Starter */;
			targetProxy = 88E978DD2ABDD10B00547761 /* PBXContainerItemProxy */;
		};
/* End PBXTargetDependency section */

/* Begin XCBuildConfiguration section */
		88E978E42ABDD10B00547761 /* Debug */ = {
			isa = XCBuildConfiguration;
			buildSettings = {
				ALWAYS_SEARCH_USER_PATHS = NO;
				CLANG_ANALYZER_NONNULL = YES;
				CLANG_ANALYZER_NUMBER_OBJECT_CONVERSION = YES_AGGRESSIVE;
				CLANG_CXX_LANGUAGE_STANDARD = "gnu++20";
				CLANG_ENABLE_MODULES = YES;
				CLANG_ENABLE_OBJC_ARC = YES;
				CLANG_ENABLE_OBJC_WEAK = YES;
				CLANG_WARN_BLOCK_CAPTURE_AUTORELEASING = YES;
				CLANG_WARN_BOOL_CONVERSION = YES;
				CLANG_WARN_COMMA = YES;
				CLANG_WARN_CONSTANT_CONVERSION = YES;
				CLANG_WARN_DEPRECATED_OBJC_IMPLEMENTATIONS = YES;
				CLANG_WARN_DIRECT_OBJC_ISA_USAGE = YES_ERROR;
				CLANG_WARN_DOCUMENTATION_COMMENTS = YES;
				CLANG_WARN_EMPTY_BODY = YES;
				CLANG_WARN_ENUM_CONVERSION = YES;
				CLANG_WARN_INFINITE_RECURSION = YES;
				CLANG_WARN_INT_CONVERSION = YES;
				CLANG_WARN_NON_LITERAL_NULL_CONVERSION = YES;
				CLANG_WARN_OBJC_IMPLICIT_RETAIN_SELF = YES;
				CLANG_WARN_OBJC_LITERAL_CONVERSION = YES;
				CLANG_WARN_OBJC_ROOT_CLASS = YES_ERROR;
				CLANG_WARN_QUOTED_INCLUDE_IN_FRAMEWORK_HEADER = YES;
				CLANG_WARN_RANGE_LOOP_ANALYSIS = YES;
				CLANG_WARN_STRICT_PROTOTYPES = YES;
				CLANG_WARN_SUSPICIOUS_MOVE = YES;
				CLANG_WARN_UNGUARDED_AVAILABILITY = YES_AGGRESSIVE;
				CLANG_WARN_UNREACHABLE_CODE = YES;
				CLANG_WARN__DUPLICATE_METHOD_MATCH = YES;
				COPY_PHASE_STRIP = NO;
				DEBUG_INFORMATION_FORMAT = dwarf;
				ENABLE_STRICT_OBJC_MSGSEND = YES;
				ENABLE_TESTABILITY = YES;
				GCC_C_LANGUAGE_STANDARD = gnu11;
				GCC_DYNAMIC_NO_PIC = NO;
				GCC_NO_COMMON_BLOCKS = YES;
				GCC_OPTIMIZATION_LEVEL = 0;
				GCC_PREPROCESSOR_DEFINITIONS = (
					"DEBUG=1",
					"$(inherited)",
				);
				GCC_WARN_64_TO_32_BIT_CONVERSION = YES;
				GCC_WARN_ABOUT_RETURN_TYPE = YES_ERROR;
				GCC_WARN_UNDECLARED_SELECTOR = YES;
				GCC_WARN_UNINITIALIZED_AUTOS = YES_AGGRESSIVE;
				GCC_WARN_UNUSED_FUNCTION = YES;
				GCC_WARN_UNUSED_VARIABLE = YES;
				IPHONEOS_DEPLOYMENT_TARGET = 16.4;
				MTL_ENABLE_DEBUG_INFO = INCLUDE_SOURCE;
				MTL_FAST_MATH = YES;
				ONLY_ACTIVE_ARCH = YES;
				SDKROOT = iphoneos;
				SWIFT_ACTIVE_COMPILATION_CONDITIONS = DEBUG;
				SWIFT_OPTIMIZATION_LEVEL = "-Onone";
			};
			name = Debug;
		};
		88E978E52ABDD10B00547761 /* Release */ = {
			isa = XCBuildConfiguration;
			buildSettings = {
				ALWAYS_SEARCH_USER_PATHS = NO;
				CLANG_ANALYZER_NONNULL = YES;
				CLANG_ANALYZER_NUMBER_OBJECT_CONVERSION = YES_AGGRESSIVE;
				CLANG_CXX_LANGUAGE_STANDARD = "gnu++20";
				CLANG_ENABLE_MODULES = YES;
				CLANG_ENABLE_OBJC_ARC = YES;
				CLANG_ENABLE_OBJC_WEAK = YES;
				CLANG_WARN_BLOCK_CAPTURE_AUTORELEASING = YES;
				CLANG_WARN_BOOL_CONVERSION = YES;
				CLANG_WARN_COMMA = YES;
				CLANG_WARN_CONSTANT_CONVERSION = YES;
				CLANG_WARN_DEPRECATED_OBJC_IMPLEMENTATIONS = YES;
				CLANG_WARN_DIRECT_OBJC_ISA_USAGE = YES_ERROR;
				CLANG_WARN_DOCUMENTATION_COMMENTS = YES;
				CLANG_WARN_EMPTY_BODY = YES;
				CLANG_WARN_ENUM_CONVERSION = YES;
				CLANG_WARN_INFINITE_RECURSION = YES;
				CLANG_WARN_INT_CONVERSION = YES;
				CLANG_WARN_NON_LITERAL_NULL_CONVERSION = YES;
				CLANG_WARN_OBJC_IMPLICIT_RETAIN_SELF = YES;
				CLANG_WARN_OBJC_LITERAL_CONVERSION = YES;
				CLANG_WARN_OBJC_ROOT_CLASS = YES_ERROR;
				CLANG_WARN_QUOTED_INCLUDE_IN_FRAMEWORK_HEADER = YES;
				CLANG_WARN_RANGE_LOOP_ANALYSIS = YES;
				CLANG_WARN_STRICT_PROTOTYPES = YES;
				CLANG_WARN_SUSPICIOUS_MOVE = YES;
				CLANG_WARN_UNGUARDED_AVAILABILITY = YES_AGGRESSIVE;
				CLANG_WARN_UNREACHABLE_CODE = YES;
				CLANG_WARN__DUPLICATE_METHOD_MATCH = YES;
				COPY_PHASE_STRIP = NO;
				DEBUG_INFORMATION_FORMAT = "dwarf-with-dsym";
				ENABLE_NS_ASSERTIONS = NO;
				ENABLE_STRICT_OBJC_MSGSEND = YES;
				GCC_C_LANGUAGE_STANDARD = gnu11;
				GCC_NO_COMMON_BLOCKS = YES;
				GCC_WARN_64_TO_32_BIT_CONVERSION = YES;
				GCC_WARN_ABOUT_RETURN_TYPE = YES_ERROR;
				GCC_WARN_UNDECLARED_SELECTOR = YES;
				GCC_WARN_UNINITIALIZED_AUTOS = YES_AGGRESSIVE;
				GCC_WARN_UNUSED_FUNCTION = YES;
				GCC_WARN_UNUSED_VARIABLE = YES;
				IPHONEOS_DEPLOYMENT_TARGET = 16.4;
				MTL_ENABLE_DEBUG_INFO = NO;
				MTL_FAST_MATH = YES;
				SDKROOT = iphoneos;
				SWIFT_COMPILATION_MODE = wholemodule;
				SWIFT_OPTIMIZATION_LEVEL = "-O";
				VALIDATE_PRODUCT = YES;
			};
			name = Release;
		};
		88E978E72ABDD10B00547761 /* Debug */ = {
			isa = XCBuildConfiguration;
			buildSettings = {
				ASSETCATALOG_COMPILER_APPICON_NAME = AppIcon;
				ASSETCATALOG_COMPILER_GLOBAL_ACCENT_COLOR_NAME = AccentColor;
				CODE_SIGN_STYLE = Automatic;
				CURRENT_PROJECT_VERSION = 1;
				DEVELOPMENT_ASSET_PATHS = "\"Starter/Preview Content\"";
				DEVELOPMENT_TEAM = T725EF9727;
				ENABLE_PREVIEWS = YES;
				GENERATE_INFOPLIST_FILE = YES;
				INFOPLIST_FILE = Starter/Info.plist;
				INFOPLIST_KEY_UIApplicationSceneManifest_Generation = YES;
				INFOPLIST_KEY_UIApplicationSupportsIndirectInputEvents = YES;
				INFOPLIST_KEY_UILaunchScreen_Generation = YES;
				INFOPLIST_KEY_UISupportedInterfaceOrientations = UIInterfaceOrientationPortrait;
				INFOPLIST_KEY_UISupportedInterfaceOrientations_iPad = "UIInterfaceOrientationLandscapeRight UIInterfaceOrientationPortrait UIInterfaceOrientationPortraitUpsideDown";
				IPHONEOS_DEPLOYMENT_TARGET = 15.0;
				LD_RUNPATH_SEARCH_PATHS = (
					"$(inherited)",
					"@executable_path/Frameworks",
				);
				MARKETING_VERSION = 1.0;
				PRODUCT_BUNDLE_IDENTIFIER = com.micropolis.Starter;
				PRODUCT_NAME = "$(TARGET_NAME)";
				SWIFT_EMIT_LOC_STRINGS = YES;
				SWIFT_VERSION = 5.0;
				TARGETED_DEVICE_FAMILY = "1,2";
			};
			name = Debug;
		};
		88E978E82ABDD10B00547761 /* Release */ = {
			isa = XCBuildConfiguration;
			buildSettings = {
				ASSETCATALOG_COMPILER_APPICON_NAME = AppIcon;
				ASSETCATALOG_COMPILER_GLOBAL_ACCENT_COLOR_NAME = AccentColor;
				CODE_SIGN_STYLE = Automatic;
				CURRENT_PROJECT_VERSION = 1;
				DEVELOPMENT_ASSET_PATHS = "\"Starter/Preview Content\"";
				DEVELOPMENT_TEAM = T725EF9727;
				ENABLE_PREVIEWS = YES;
				GENERATE_INFOPLIST_FILE = YES;
				INFOPLIST_FILE = Starter/Info.plist;
				INFOPLIST_KEY_UIApplicationSceneManifest_Generation = YES;
				INFOPLIST_KEY_UIApplicationSupportsIndirectInputEvents = YES;
				INFOPLIST_KEY_UILaunchScreen_Generation = YES;
				INFOPLIST_KEY_UISupportedInterfaceOrientations = UIInterfaceOrientationPortrait;
				INFOPLIST_KEY_UISupportedInterfaceOrientations_iPad = "UIInterfaceOrientationLandscapeRight UIInterfaceOrientationPortrait UIInterfaceOrientationPortraitUpsideDown";
				IPHONEOS_DEPLOYMENT_TARGET = 15.0;
				LD_RUNPATH_SEARCH_PATHS = (
					"$(inherited)",
					"@executable_path/Frameworks",
				);
				MARKETING_VERSION = 1.0;
				PRODUCT_BUNDLE_IDENTIFIER = com.micropolis.Starter;
				PRODUCT_NAME = "$(TARGET_NAME)";
				SWIFT_EMIT_LOC_STRINGS = YES;
				SWIFT_VERSION = 5.0;
				TARGETED_DEVICE_FAMILY = "1,2";
			};
			name = Release;
		};
		88E978EA2ABDD10B00547761 /* Debug */ = {
			isa = XCBuildConfiguration;
			buildSettings = {
				ALWAYS_EMBED_SWIFT_STANDARD_LIBRARIES = YES;
				BUNDLE_LOADER = "$(TEST_HOST)";
				CODE_SIGN_STYLE = Automatic;
				CURRENT_PROJECT_VERSION = 1;
				DEVELOPMENT_TEAM = T725EF9727;
				GENERATE_INFOPLIST_FILE = YES;
				IPHONEOS_DEPLOYMENT_TARGET = 16.4;
				MARKETING_VERSION = 1.0;
				PRODUCT_BUNDLE_IDENTIFIER = com.micropolis.StarterTests;
				PRODUCT_NAME = "$(TARGET_NAME)";
				SWIFT_EMIT_LOC_STRINGS = NO;
				SWIFT_VERSION = 5.0;
				TARGETED_DEVICE_FAMILY = "1,2";
				TEST_HOST = "$(BUILT_PRODUCTS_DIR)/Starter.app/$(BUNDLE_EXECUTABLE_FOLDER_PATH)/Starter";
			};
			name = Debug;
		};
		88E978EB2ABDD10B00547761 /* Release */ = {
			isa = XCBuildConfiguration;
			buildSettings = {
				ALWAYS_EMBED_SWIFT_STANDARD_LIBRARIES = YES;
				BUNDLE_LOADER = "$(TEST_HOST)";
				CODE_SIGN_STYLE = Automatic;
				CURRENT_PROJECT_VERSION = 1;
				DEVELOPMENT_TEAM = T725EF9727;
				GENERATE_INFOPLIST_FILE = YES;
				IPHONEOS_DEPLOYMENT_TARGET = 16.4;
				MARKETING_VERSION = 1.0;
				PRODUCT_BUNDLE_IDENTIFIER = com.micropolis.StarterTests;
				PRODUCT_NAME = "$(TARGET_NAME)";
				SWIFT_EMIT_LOC_STRINGS = NO;
				SWIFT_VERSION = 5.0;
				TARGETED_DEVICE_FAMILY = "1,2";
				TEST_HOST = "$(BUILT_PRODUCTS_DIR)/Starter.app/$(BUNDLE_EXECUTABLE_FOLDER_PATH)/Starter";
			};
			name = Release;
		};
		88E978ED2ABDD10B00547761 /* Debug */ = {
			isa = XCBuildConfiguration;
			buildSettings = {
				ALWAYS_EMBED_SWIFT_STANDARD_LIBRARIES = YES;
				CODE_SIGN_STYLE = Automatic;
				CURRENT_PROJECT_VERSION = 1;
				DEVELOPMENT_TEAM = T725EF9727;
				GENERATE_INFOPLIST_FILE = YES;
				MARKETING_VERSION = 1.0;
				PRODUCT_BUNDLE_IDENTIFIER = com.micropolis.StarterUITests;
				PRODUCT_NAME = "$(TARGET_NAME)";
				SWIFT_EMIT_LOC_STRINGS = NO;
				SWIFT_VERSION = 5.0;
				TARGETED_DEVICE_FAMILY = "1,2";
				TEST_TARGET_NAME = Starter;
			};
			name = Debug;
		};
		88E978EE2ABDD10B00547761 /* Release */ = {
			isa = XCBuildConfiguration;
			buildSettings = {
				ALWAYS_EMBED_SWIFT_STANDARD_LIBRARIES = YES;
				CODE_SIGN_STYLE = Automatic;
				CURRENT_PROJECT_VERSION = 1;
				DEVELOPMENT_TEAM = T725EF9727;
				GENERATE_INFOPLIST_FILE = YES;
				MARKETING_VERSION = 1.0;
				PRODUCT_BUNDLE_IDENTIFIER = com.micropolis.StarterUITests;
				PRODUCT_NAME = "$(TARGET_NAME)";
				SWIFT_EMIT_LOC_STRINGS = NO;
				SWIFT_VERSION = 5.0;
				TARGETED_DEVICE_FAMILY = "1,2";
				TEST_TARGET_NAME = Starter;
			};
			name = Release;
		};
/* End XCBuildConfiguration section */

/* Begin XCConfigurationList section */
		88E978BD2ABDD10700547761 /* Build configuration list for PBXProject "Starter" */ = {
			isa = XCConfigurationList;
			buildConfigurations = (
				88E978E42ABDD10B00547761 /* Debug */,
				88E978E52ABDD10B00547761 /* Release */,
			);
			defaultConfigurationIsVisible = 0;
			defaultConfigurationName = Release;
		};
		88E978E62ABDD10B00547761 /* Build configuration list for PBXNativeTarget "Starter" */ = {
			isa = XCConfigurationList;
			buildConfigurations = (
				88E978E72ABDD10B00547761 /* Debug */,
				88E978E82ABDD10B00547761 /* Release */,
			);
			defaultConfigurationIsVisible = 0;
			defaultConfigurationName = Release;
		};
		88E978E92ABDD10B00547761 /* Build configuration list for PBXNativeTarget "StarterTests" */ = {
			isa = XCConfigurationList;
			buildConfigurations = (
				88E978EA2ABDD10B00547761 /* Debug */,
				88E978EB2ABDD10B00547761 /* Release */,
			);
			defaultConfigurationIsVisible = 0;
			defaultConfigurationName = Release;
		};
		88E978EC2ABDD10B00547761 /* Build configuration list for PBXNativeTarget "StarterUITests" */ = {
			isa = XCConfigurationList;
			buildConfigurations = (
				88E978ED2ABDD10B00547761 /* Debug */,
				88E978EE2ABDD10B00547761 /* Release */,
			);
			defaultConfigurationIsVisible = 0;
			defaultConfigurationName = Release;
		};
/* End XCConfigurationList section */

/* Begin XCRemoteSwiftPackageReference section */
		88E978EF2ABDD1C100547761 /* XCRemoteSwiftPackageReference "Alamofire" */ = {
			isa = XCRemoteSwiftPackageReference;
			repositoryURL = "https://github.com/Alamofire/Alamofire.git";
			requirement = {
				kind = upToNextMajorVersion;
				minimumVersion = 5.0.0;
			};
		};
		88E979A32ABDD6DB00547761 /* XCRemoteSwiftPackageReference "swiftui-cached-async-image" */ = {
			isa = XCRemoteSwiftPackageReference;
			repositoryURL = "https://github.com/lorenzofiamingo/swiftui-cached-async-image";
			requirement = {
				kind = upToNextMajorVersion;
				minimumVersion = 2.0.0;
			};
		};
/* End XCRemoteSwiftPackageReference section */

/* Begin XCSwiftPackageProductDependency section */
		88E978F02ABDD1C200547761 /* Alamofire */ = {
			isa = XCSwiftPackageProductDependency;
			package = 88E978EF2ABDD1C100547761 /* XCRemoteSwiftPackageReference "Alamofire" */;
			productName = Alamofire;
		};
		88E979A42ABDD6DB00547761 /* CachedAsyncImage */ = {
			isa = XCSwiftPackageProductDependency;
			package = 88E979A32ABDD6DB00547761 /* XCRemoteSwiftPackageReference "swiftui-cached-async-image" */;
			productName = CachedAsyncImage;
		};
/* End XCSwiftPackageProductDependency section */
	};
	rootObject = 88E978BA2ABDD10700547761 /* Project object */;
}
